// !$*UTF8*$!
{
	archiveVersion = 1;
	classes = {
	};
	objectVersion = 46;
	objects = {

/* Begin PBXAggregateTarget section */
		5BBAD0D719E691860060A80D /* UserSourcePlugin */ = {
			isa = PBXAggregateTarget;
			buildConfigurationList = 5BBAD0D819E691860060A80D /* Build configuration list for PBXAggregateTarget "UserSourcePlugin" */;
			buildPhases = (
				5BBAD0E019E695650060A80D /* Build Framework */,
			);
			dependencies = (
				5BC0B8A419E7D7FA00A7A082 /* PBXTargetDependency */,
				5BB6D26619EFAD8600AAF4A2 /* PBXTargetDependency */,
			);
			name = UserSourcePlugin;
			productName = UserSourcePlugin;
		};
/* End PBXAggregateTarget section */

/* Begin PBXBuildFile section */
		1B2A3A2F78C941779CD12BD3 /* CoreText.framework in Frameworks */ = {isa = PBXBuildFile; fileRef = 2775F46639AF437EAC061804 /* CoreText.framework */; settings = {ATTRIBUTES = (Weak, ); }; };
		1D2130921AA039D8008F4566 /* UIWindow+AnnoSingleton.h in Headers */ = {isa = PBXBuildFile; fileRef = 1D21308F1AA03236008F4566 /* UIWindow+AnnoSingleton.h */; settings = {ATTRIBUTES = (Public, ); }; };
		1D2130931AA039D8008F4566 /* UserSourceSwizzler.h in Headers */ = {isa = PBXBuildFile; fileRef = 1D21308B1AA02DB5008F4566 /* UserSourceSwizzler.h */; settings = {ATTRIBUTES = (Public, ); }; };
		1D2130991AA03BEC008F4566 /* UIWindow+AnnoSingleton.m in Sources */ = {isa = PBXBuildFile; fileRef = 1D2130901AA03236008F4566 /* UIWindow+AnnoSingleton.m */; };
		1D21309A1AA03BEC008F4566 /* UserSourceSwizzler.m in Sources */ = {isa = PBXBuildFile; fileRef = 1D21308C1AA02DB6008F4566 /* UserSourceSwizzler.m */; };
		1D49F333198BC30D0077DE51 /* Images.xcassets in Resources */ = {isa = PBXBuildFile; fileRef = 1D49F332198BC30D0077DE51 /* Images.xcassets */; };
		1D60589B0D05DD56006BFB54 /* main.m in Sources */ = {isa = PBXBuildFile; fileRef = 29B97316FDCFA39411CA2CEA /* main.m */; };
		1D613FB1190B93E90068C1B7 /* ScreenshotGestureListener.m in Sources */ = {isa = PBXBuildFile; fileRef = 1D6F35C91908CDE7002051ED /* ScreenshotGestureListener.m */; };
		1D89FB5A1AA0835B00AFB64E /* AddressBook.framework in Frameworks */ = {isa = PBXBuildFile; fileRef = F583DEA5C56F422C875065F3 /* AddressBook.framework */; };
		1D89FB5C1AA083A200AFB64E /* Fabric.framework in Frameworks */ = {isa = PBXBuildFile; fileRef = 1D9C2DFA1A9F47E600DA2B32 /* Fabric.framework */; };
		1D89FB5D1AA083BE00AFB64E /* Crashlytics.framework in Frameworks */ = {isa = PBXBuildFile; fileRef = 1D9C2DF91A9F47E500DA2B32 /* Crashlytics.framework */; };
		1D89FB601AA08D4400AFB64E /* UserSourceAppDelegate.m in Sources */ = {isa = PBXBuildFile; fileRef = 5BB6D26219EFAC5500AAF4A2 /* UserSourceAppDelegate.m */; };
		1D89FB621AA08DBA00AFB64E /* UserSourceAppDelegate+notification.m in Sources */ = {isa = PBXBuildFile; fileRef = 0A3A51F59B2349C08F199D4F /* UserSourceAppDelegate+notification.m */; };
		1D89FB651AA08FC200AFB64E /* PushPlugin.m in Sources */ = {isa = PBXBuildFile; fileRef = 1D3E586D196A827A00FF9FC0 /* PushPlugin.m */; };
		1D89FB661AA0900400AFB64E /* CDVContacts.m in Sources */ = {isa = PBXBuildFile; fileRef = 3FB0F3648F894BB2AD5AB705 /* CDVContacts.m */; };
		1D89FB671AA0900400AFB64E /* CDVContact.m in Sources */ = {isa = PBXBuildFile; fileRef = 664D9BA08F294C4BA6067E35 /* CDVContact.m */; };
		1D89FB681AA0908300AFB64E /* CDVLocation.m in Sources */ = {isa = PBXBuildFile; fileRef = D691F1E126C04979A8ADECC6 /* CDVLocation.m */; };
		1DAA38FE19023FC600FCE403 /* AssetsLibrary.framework in Frameworks */ = {isa = PBXBuildFile; fileRef = 5B1594DC16A7569C00FEF299 /* AssetsLibrary.framework */; };
		1DAA39011902406000FCE403 /* MobileCoreServices.framework in Frameworks */ = {isa = PBXBuildFile; fileRef = 305D5FD0115AB8F900A74A75 /* MobileCoreServices.framework */; };
		1DAA390819024F2700FCE403 /* UserSourceTests.m in Sources */ = {isa = PBXBuildFile; fileRef = 1DF46C0619023329005408CA /* UserSourceTests.m */; };
		1DAA390919025A7600FCE403 /* AnnoCordovaPlugin.m in Sources */ = {isa = PBXBuildFile; fileRef = 1D933EB918F26F6400C82F37 /* AnnoCordovaPlugin.m */; };
		1DAA390A19025A9000FCE403 /* AnnoDrawViewController.m in Sources */ = {isa = PBXBuildFile; fileRef = 1DDCA4E418F41A2B006E63FE /* AnnoDrawViewController.m */; };
		1DAA390B19025A9000FCE403 /* CommunityViewController.m in Sources */ = {isa = PBXBuildFile; fileRef = 1DDCA4E618F41A2B006E63FE /* CommunityViewController.m */; };
		1DAA390C19025A9000FCE403 /* IntroViewController.m in Sources */ = {isa = PBXBuildFile; fileRef = 1DDCA4E818F41A2B006E63FE /* IntroViewController.m */; };
		1DAA390D19025A9000FCE403 /* OptionFeedbackViewController.m in Sources */ = {isa = PBXBuildFile; fileRef = 1DDCA4EA18F41A2B006E63FE /* OptionFeedbackViewController.m */; };
		1DAA390E19025A9A00FCE403 /* AnnoUtils.m in Sources */ = {isa = PBXBuildFile; fileRef = 1D44E81C18F7FEF5007A1635 /* AnnoUtils.m */; };
		1DAE4C2F19F528B200E3A1BA /* UserSourceStatic.h in Headers */ = {isa = PBXBuildFile; fileRef = 5BBAD08719E66C560060A80D /* UserSourceStatic.h */; settings = {ATTRIBUTES = (Public, ); }; };
		1DB34AD41A1F4EF80061F604 /* usersource_logo.png in Resources */ = {isa = PBXBuildFile; fileRef = 1DB34AD31A1F4EF80061F604 /* usersource_logo.png */; };
		1DF46C0519023329005408CA /* InfoPlist.strings in Resources */ = {isa = PBXBuildFile; fileRef = 1DF46C0319023329005408CA /* InfoPlist.strings */; };
		1DF9C52A18FBBD54004077BE /* AssetsLibrary.framework in Frameworks */ = {isa = PBXBuildFile; fileRef = 5B1594DC16A7569C00FEF299 /* AssetsLibrary.framework */; };
		1F766FE113BBADB100FB74C0 /* Localizable.strings in Resources */ = {isa = PBXBuildFile; fileRef = 1F766FDC13BBADB100FB74C0 /* Localizable.strings */; };
		24F803EF0B8D4C0C944F4580 /* Accounts.framework in Frameworks */ = {isa = PBXBuildFile; fileRef = 387E6551480A42569C9F7E85 /* Accounts.framework */; settings = {ATTRIBUTES = (Weak, ); }; };
		288765FD0DF74451002DB57D /* CoreGraphics.framework in Frameworks */ = {isa = PBXBuildFile; fileRef = 288765FC0DF74451002DB57D /* CoreGraphics.framework */; };
		2E473CFA6E50494E8A3D64BB /* FacebookConnectPlugin.m in Sources */ = {isa = PBXBuildFile; fileRef = 9A2FA4613C12492EB756D036 /* FacebookConnectPlugin.m */; };
		302D95F214D2391D003F00A1 /* MainViewController.xib in Resources */ = {isa = PBXBuildFile; fileRef = 302D95F014D2391D003F00A1 /* MainViewController.xib */; };
		305D5FD1115AB8F900A74A75 /* MobileCoreServices.framework in Frameworks */ = {isa = PBXBuildFile; fileRef = 305D5FD0115AB8F900A74A75 /* MobileCoreServices.framework */; };
		38054B42B93B4E0D97DFE419 /* GooglePlus.framework in Frameworks */ = {isa = PBXBuildFile; fileRef = 94F2AD4ABFF3452F997697B7 /* GooglePlus.framework */; };
		4534B7172D6B41F8BBBBA579 /* FacebookSDK.framework in Frameworks */ = {isa = PBXBuildFile; fileRef = 93A14EEC516145FAA4B3A57A /* FacebookSDK.framework */; };
		4F021CD57BAA4A8481CABC75 /* Security.framework in Frameworks */ = {isa = PBXBuildFile; fileRef = 5F6A44BD0CE54299B52C91B4 /* Security.framework */; settings = {ATTRIBUTES = (Weak, ); }; };
		5BB64FE019F7ABD10017F6FE /* AnnoSingleton.h in Headers */ = {isa = PBXBuildFile; fileRef = 5BB64FDC19F79C0E0017F6FE /* AnnoSingleton.h */; settings = {ATTRIBUTES = (Public, ); }; };
		5BB64FE119F7ABE50017F6FE /* AnnoSingleton.m in Sources */ = {isa = PBXBuildFile; fileRef = 5BB64FDD19F79C0E0017F6FE /* AnnoSingleton.m */; };
		5BB6D26719EFADAD00AAF4A2 /* AnnoUtils.m in Sources */ = {isa = PBXBuildFile; fileRef = 1D44E81C18F7FEF5007A1635 /* AnnoUtils.m */; };
		5BB6D26819EFADAD00AAF4A2 /* AnnoDrawViewController.m in Sources */ = {isa = PBXBuildFile; fileRef = 1DDCA4E418F41A2B006E63FE /* AnnoDrawViewController.m */; };
		5BB6D26919EFADAD00AAF4A2 /* CommunityViewController.m in Sources */ = {isa = PBXBuildFile; fileRef = 1DDCA4E618F41A2B006E63FE /* CommunityViewController.m */; };
		5BB6D26A19EFADAD00AAF4A2 /* IntroViewController.m in Sources */ = {isa = PBXBuildFile; fileRef = 1DDCA4E818F41A2B006E63FE /* IntroViewController.m */; };
		5BB6D26B19EFADAD00AAF4A2 /* OptionFeedbackViewController.m in Sources */ = {isa = PBXBuildFile; fileRef = 1DDCA4EA18F41A2B006E63FE /* OptionFeedbackViewController.m */; };
		5BB6D26C19EFADAD00AAF4A2 /* AnnoCordovaPlugin.m in Sources */ = {isa = PBXBuildFile; fileRef = 1D933EB918F26F6400C82F37 /* AnnoCordovaPlugin.m */; };
		5BB6D26E19EFADAD00AAF4A2 /* ScreenshotGestureListener.m in Sources */ = {isa = PBXBuildFile; fileRef = 1D6F35C91908CDE7002051ED /* ScreenshotGestureListener.m */; };
		5BB6D26F19EFADD000AAF4A2 /* AnnoUtils.h in Headers */ = {isa = PBXBuildFile; fileRef = 1D44E81B18F7FEF5007A1635 /* AnnoUtils.h */; settings = {ATTRIBUTES = (Public, ); }; };
		5BB6D27019EFADD000AAF4A2 /* AnnoDrawViewController.h in Headers */ = {isa = PBXBuildFile; fileRef = 1DDCA4E318F41A2B006E63FE /* AnnoDrawViewController.h */; settings = {ATTRIBUTES = (Public, ); }; };
		5BB6D27119EFADD000AAF4A2 /* CommunityViewController.h in Headers */ = {isa = PBXBuildFile; fileRef = 1DDCA4E518F41A2B006E63FE /* CommunityViewController.h */; settings = {ATTRIBUTES = (Public, ); }; };
		5BB6D27219EFADD000AAF4A2 /* IntroViewController.h in Headers */ = {isa = PBXBuildFile; fileRef = 1DDCA4E718F41A2B006E63FE /* IntroViewController.h */; settings = {ATTRIBUTES = (Public, ); }; };
		5BB6D27319EFADD000AAF4A2 /* OptionFeedbackViewController.h in Headers */ = {isa = PBXBuildFile; fileRef = 1DDCA4E918F41A2B006E63FE /* OptionFeedbackViewController.h */; settings = {ATTRIBUTES = (Public, ); }; };
		5BB6D27419EFADD000AAF4A2 /* AnnoCordovaPlugin.h in Headers */ = {isa = PBXBuildFile; fileRef = 1D933EB818F26F6400C82F37 /* AnnoCordovaPlugin.h */; settings = {ATTRIBUTES = (Public, ); }; };
		5BB6D27619EFADD000AAF4A2 /* ScreenshotGestureListener.h in Headers */ = {isa = PBXBuildFile; fileRef = 1D6F35C81908CDE7002051ED /* ScreenshotGestureListener.h */; settings = {ATTRIBUTES = (Public, ); }; };
		5BB6D27819EFAE1A00AAF4A2 /* CDVDevice.m in Sources */ = {isa = PBXBuildFile; fileRef = 9920240F974842C08E3C61EA /* CDVDevice.m */; };
		5BB6D27919EFAE1A00AAF4A2 /* CDVInAppBrowser.m in Sources */ = {isa = PBXBuildFile; fileRef = B357E14529B745B4AEF4D613 /* CDVInAppBrowser.m */; };
		5BB6D27A19EFAE1A00AAF4A2 /* CDVFile.m in Sources */ = {isa = PBXBuildFile; fileRef = FFA2D6AB6D364653839AC60B /* CDVFile.m */; };
		5BB6D27B19EFAE1A00AAF4A2 /* CDVLocalFilesystem.m in Sources */ = {isa = PBXBuildFile; fileRef = EFFA8AAFDA6B4CA9986F89CF /* CDVLocalFilesystem.m */; };
		5BB6D27C19EFAE1A00AAF4A2 /* CDVAssetLibraryFilesystem.m in Sources */ = {isa = PBXBuildFile; fileRef = 68CE6AE042F64A29ABB97844 /* CDVAssetLibraryFilesystem.m */; };
		5BB6D27E19EFAE1A00AAF4A2 /* CDVCamera.m in Sources */ = {isa = PBXBuildFile; fileRef = 6B97616FA62A4AF7A287521D /* CDVCamera.m */; };
		5BB6D27F19EFAE1A00AAF4A2 /* CDVJpegHeaderWriter.m in Sources */ = {isa = PBXBuildFile; fileRef = B65FB769EDC04C6DA9017D5B /* CDVJpegHeaderWriter.m */; };
		5BB6D28019EFAE1A00AAF4A2 /* CDVConnection.m in Sources */ = {isa = PBXBuildFile; fileRef = F4815447178640BD972A8AE6 /* CDVConnection.m */; };
		5BB6D28119EFAE1A00AAF4A2 /* CDVReachability.m in Sources */ = {isa = PBXBuildFile; fileRef = 941DE4CAE98246CE88EB2AE0 /* CDVReachability.m */; };
		5BB6D28219EFAE1A00AAF4A2 /* SQLitePlugin.m in Sources */ = {isa = PBXBuildFile; fileRef = 91C4B59A7AF94273A2748F6B /* SQLitePlugin.m */; };
		5BB6D28319EFAE1A00AAF4A2 /* SocialSharing.m in Sources */ = {isa = PBXBuildFile; fileRef = 2D309A94B6C24ABFA47CBCEA /* SocialSharing.m */; };
		5BB6D28B19EFAF6900AAF4A2 /* libUserSourceStatic.a in Frameworks */ = {isa = PBXBuildFile; fileRef = 5BBAD08119E66C560060A80D /* libUserSourceStatic.a */; };
		5BB6D28C19EFAF7A00AAF4A2 /* libsqlite3.dylib in Frameworks */ = {isa = PBXBuildFile; fileRef = F3F713FA28964CB18D9D3278 /* libsqlite3.dylib */; };
		5BBA243B19FFB3020086AB8E /* ShakeView.m in Sources */ = {isa = PBXBuildFile; fileRef = 5BBA243919FFB2CB0086AB8E /* ShakeView.m */; };
		5BBA243C19FFB3100086AB8E /* ShakeView.h in Headers */ = {isa = PBXBuildFile; fileRef = 5BBA243819FFB2CB0086AB8E /* ShakeView.h */; settings = {ATTRIBUTES = (Public, ); }; };
		5BBAAB9919F004C800AAC24D /* AddressBookUI.framework in Frameworks */ = {isa = PBXBuildFile; fileRef = FD5266640B0344749F49768A /* AddressBookUI.framework */; };
		7784CB808E554E389709F3E3 /* GooglePlus.m in Sources */ = {isa = PBXBuildFile; fileRef = ABF26883A9154097BD756457 /* GooglePlus.m */; };
		9188E8A8A5064151B676FEB5 /* CoreMotion.framework in Frameworks */ = {isa = PBXBuildFile; fileRef = 1DDBD1190A9946D7B084C779 /* CoreMotion.framework */; settings = {ATTRIBUTES = (Weak, ); }; };
		93348D7DBB5B4E00AF3908CF /* MediaPlayer.framework in Frameworks */ = {isa = PBXBuildFile; fileRef = 2B02351B18A74AB4A1AF580D /* MediaPlayer.framework */; settings = {ATTRIBUTES = (Weak, ); }; };
		B494BB33A79A45BD873BB269 /* GoogleOpenSource.framework in Frameworks */ = {isa = PBXBuildFile; fileRef = 9E42685CAE404B538B7AF06F /* GoogleOpenSource.framework */; };
		F840E1F1165FE0F500CFE078 /* config.xml in Resources */ = {isa = PBXBuildFile; fileRef = F840E1F0165FE0F500CFE078 /* config.xml */; };
/* End PBXBuildFile section */

/* Begin PBXContainerItemProxy section */
		1DF46C0919023329005408CA /* PBXContainerItemProxy */ = {
			isa = PBXContainerItemProxy;
			containerPortal = 29B97313FDCFA39411CA2CEA /* Project object */;
			proxyType = 1;
			remoteGlobalIDString = 1D6058900D05DD3D006BFB54;
			remoteInfo = UserSource;
		};
		301BF534109A57CC0062928A /* PBXContainerItemProxy */ = {
			isa = PBXContainerItemProxy;
			containerPortal = 301BF52D109A57CC0062928A /* CordovaLib.xcodeproj */;
			proxyType = 2;
			remoteGlobalIDString = D2AAC07E0554694100DB518D;
			remoteInfo = CordovaLib;
		};
		5BB3349A19E7AD1E0012B10B /* PBXContainerItemProxy */ = {
			isa = PBXContainerItemProxy;
			containerPortal = 301BF52D109A57CC0062928A /* CordovaLib.xcodeproj */;
			proxyType = 1;
			remoteGlobalIDString = D2AAC07D0554694100DB518D;
			remoteInfo = CordovaLib;
		};
		5BB6D26519EFAD8600AAF4A2 /* PBXContainerItemProxy */ = {
			isa = PBXContainerItemProxy;
			containerPortal = 29B97313FDCFA39411CA2CEA /* Project object */;
			proxyType = 1;
			remoteGlobalIDString = 5BBAD08019E66C560060A80D;
			remoteInfo = UserSourceStatic;
		};
		5BBAD09519E66C560060A80D /* PBXContainerItemProxy */ = {
			isa = PBXContainerItemProxy;
			containerPortal = 29B97313FDCFA39411CA2CEA /* Project object */;
			proxyType = 1;
			remoteGlobalIDString = 5BBAD08019E66C560060A80D;
			remoteInfo = UserSourceStatic;
		};
		5BBAD0DD19E692470060A80D /* PBXContainerItemProxy */ = {
			isa = PBXContainerItemProxy;
			containerPortal = 29B97313FDCFA39411CA2CEA /* Project object */;
			proxyType = 1;
			remoteGlobalIDString = 5BBAD08019E66C560060A80D;
			remoteInfo = UserSourceStatic;
		};
		5BC0B8A319E7D7FA00A7A082 /* PBXContainerItemProxy */ = {
			isa = PBXContainerItemProxy;
			containerPortal = 29B97313FDCFA39411CA2CEA /* Project object */;
			proxyType = 1;
			remoteGlobalIDString = 5BC0B89419E7D6DC00A7A082;
			remoteInfo = UserSourceResources;
		};
/* End PBXContainerItemProxy section */

/* Begin PBXCopyFilesBuildPhase section */
		5BBAD07F19E66C560060A80D /* CopyFiles */ = {
			isa = PBXCopyFilesBuildPhase;
			buildActionMask = 2147483647;
			dstPath = "include/$(PRODUCT_NAME)";
			dstSubfolderSpec = 16;
			files = (
			);
			runOnlyForDeploymentPostprocessing = 0;
		};
/* End PBXCopyFilesBuildPhase section */

/* Begin PBXFileReference section */
		02D37BE39E244D0CBE31F43E /* CDVExif.h */ = {isa = PBXFileReference; fileEncoding = 4; lastKnownFileType = sourcecode.c.h; name = CDVExif.h; path = org.apache.cordova.camera/CDVExif.h; sourceTree = "<group>"; };
		03682C3B0E3143BEB90C5DC9 /* CDVContacts.h */ = {isa = PBXFileReference; fileEncoding = 4; lastKnownFileType = sourcecode.c.h; name = CDVContacts.h; path = org.apache.cordova.contacts/CDVContacts.h; sourceTree = "<group>"; };
		0A3A51F59B2349C08F199D4F /* UserSourceAppDelegate+notification.m */ = {isa = PBXFileReference; fileEncoding = 4; lastKnownFileType = sourcecode.c.objc; name = "UserSourceAppDelegate+notification.m"; path = "com.phonegap.plugins.PushPlugin/UserSourceAppDelegate+notification.m"; sourceTree = "<group>"; };
		1D02161618EED12600E97738 /* Social.framework */ = {isa = PBXFileReference; lastKnownFileType = wrapper.framework; name = Social.framework; path = System/Library/Frameworks/Social.framework; sourceTree = SDKROOT; };
		1D02161818EED18600E97738 /* MessageUI.framework */ = {isa = PBXFileReference; lastKnownFileType = wrapper.framework; name = MessageUI.framework; path = System/Library/Frameworks/MessageUI.framework; sourceTree = SDKROOT; };
		1D21308B1AA02DB5008F4566 /* UserSourceSwizzler.h */ = {isa = PBXFileReference; fileEncoding = 4; lastKnownFileType = sourcecode.c.h; path = UserSourceSwizzler.h; sourceTree = "<group>"; };
		1D21308C1AA02DB6008F4566 /* UserSourceSwizzler.m */ = {isa = PBXFileReference; fileEncoding = 4; lastKnownFileType = sourcecode.c.objc; path = UserSourceSwizzler.m; sourceTree = "<group>"; };
		1D21308F1AA03236008F4566 /* UIWindow+AnnoSingleton.h */ = {isa = PBXFileReference; fileEncoding = 4; lastKnownFileType = sourcecode.c.h; path = "UIWindow+AnnoSingleton.h"; sourceTree = "<group>"; };
		1D2130901AA03236008F4566 /* UIWindow+AnnoSingleton.m */ = {isa = PBXFileReference; fileEncoding = 4; lastKnownFileType = sourcecode.c.objc; path = "UIWindow+AnnoSingleton.m"; sourceTree = "<group>"; };
		1D3E586C196A827A00FF9FC0 /* PushPlugin.h */ = {isa = PBXFileReference; fileEncoding = 4; lastKnownFileType = sourcecode.c.h; name = PushPlugin.h; path = com.phonegap.plugins.PushPlugin/PushPlugin.h; sourceTree = "<group>"; };
		1D3E586D196A827A00FF9FC0 /* PushPlugin.m */ = {isa = PBXFileReference; fileEncoding = 4; lastKnownFileType = sourcecode.c.objc; name = PushPlugin.m; path = com.phonegap.plugins.PushPlugin/PushPlugin.m; sourceTree = "<group>"; };
		1D44E81B18F7FEF5007A1635 /* AnnoUtils.h */ = {isa = PBXFileReference; fileEncoding = 4; lastKnownFileType = sourcecode.c.h; path = AnnoUtils.h; sourceTree = "<group>"; };
		1D44E81C18F7FEF5007A1635 /* AnnoUtils.m */ = {isa = PBXFileReference; fileEncoding = 4; lastKnownFileType = sourcecode.c.objc; path = AnnoUtils.m; sourceTree = "<group>"; };
		1D49F332198BC30D0077DE51 /* Images.xcassets */ = {isa = PBXFileReference; lastKnownFileType = folder.assetcatalog; name = Images.xcassets; path = UserSource/Images.xcassets; sourceTree = SOURCE_ROOT; };
		1D6058910D05DD3D006BFB54 /* UserSource.app */ = {isa = PBXFileReference; explicitFileType = wrapper.application; includeInIndex = 0; path = UserSource.app; sourceTree = BUILT_PRODUCTS_DIR; };
		1D6F35C81908CDE7002051ED /* ScreenshotGestureListener.h */ = {isa = PBXFileReference; fileEncoding = 4; lastKnownFileType = sourcecode.c.h; path = ScreenshotGestureListener.h; sourceTree = "<group>"; };
		1D6F35C91908CDE7002051ED /* ScreenshotGestureListener.m */ = {isa = PBXFileReference; fileEncoding = 4; lastKnownFileType = sourcecode.c.objc; path = ScreenshotGestureListener.m; sourceTree = "<group>"; };
		1D933EB818F26F6400C82F37 /* AnnoCordovaPlugin.h */ = {isa = PBXFileReference; fileEncoding = 4; lastKnownFileType = sourcecode.c.h; path = AnnoCordovaPlugin.h; sourceTree = "<group>"; };
		1D933EB918F26F6400C82F37 /* AnnoCordovaPlugin.m */ = {isa = PBXFileReference; fileEncoding = 4; lastKnownFileType = sourcecode.c.objc; path = AnnoCordovaPlugin.m; sourceTree = "<group>"; };
		1D9C2DF91A9F47E500DA2B32 /* Crashlytics.framework */ = {isa = PBXFileReference; lastKnownFileType = wrapper.framework; path = Crashlytics.framework; sourceTree = "<group>"; };
		1D9C2DFA1A9F47E600DA2B32 /* Fabric.framework */ = {isa = PBXFileReference; lastKnownFileType = wrapper.framework; path = Fabric.framework; sourceTree = "<group>"; };
		1DB34AD31A1F4EF80061F604 /* usersource_logo.png */ = {isa = PBXFileReference; lastKnownFileType = image.png; name = usersource_logo.png; path = UserSource/usersource_logo.png; sourceTree = "<group>"; };
		1DDBD1190A9946D7B084C779 /* CoreMotion.framework */ = {isa = PBXFileReference; fileEncoding = 4; lastKnownFileType = wrapper.framework; name = CoreMotion.framework; path = System/Library/Frameworks/CoreMotion.framework; sourceTree = SDKROOT; };
		1DDCA4E318F41A2B006E63FE /* AnnoDrawViewController.h */ = {isa = PBXFileReference; fileEncoding = 4; lastKnownFileType = sourcecode.c.h; path = AnnoDrawViewController.h; sourceTree = "<group>"; };
		1DDCA4E418F41A2B006E63FE /* AnnoDrawViewController.m */ = {isa = PBXFileReference; fileEncoding = 4; lastKnownFileType = sourcecode.c.objc; path = AnnoDrawViewController.m; sourceTree = "<group>"; };
		1DDCA4E518F41A2B006E63FE /* CommunityViewController.h */ = {isa = PBXFileReference; fileEncoding = 4; lastKnownFileType = sourcecode.c.h; path = CommunityViewController.h; sourceTree = "<group>"; };
		1DDCA4E618F41A2B006E63FE /* CommunityViewController.m */ = {isa = PBXFileReference; fileEncoding = 4; lastKnownFileType = sourcecode.c.objc; path = CommunityViewController.m; sourceTree = "<group>"; };
		1DDCA4E718F41A2B006E63FE /* IntroViewController.h */ = {isa = PBXFileReference; fileEncoding = 4; lastKnownFileType = sourcecode.c.h; path = IntroViewController.h; sourceTree = "<group>"; };
		1DDCA4E818F41A2B006E63FE /* IntroViewController.m */ = {isa = PBXFileReference; fileEncoding = 4; lastKnownFileType = sourcecode.c.objc; path = IntroViewController.m; sourceTree = "<group>"; };
		1DDCA4E918F41A2B006E63FE /* OptionFeedbackViewController.h */ = {isa = PBXFileReference; fileEncoding = 4; lastKnownFileType = sourcecode.c.h; path = OptionFeedbackViewController.h; sourceTree = "<group>"; };
		1DDCA4EA18F41A2B006E63FE /* OptionFeedbackViewController.m */ = {isa = PBXFileReference; fileEncoding = 4; lastKnownFileType = sourcecode.c.objc; path = OptionFeedbackViewController.m; sourceTree = "<group>"; };
		1DF46BF919023329005408CA /* UserSourceTests.xctest */ = {isa = PBXFileReference; explicitFileType = wrapper.cfbundle; includeInIndex = 0; path = UserSourceTests.xctest; sourceTree = BUILT_PRODUCTS_DIR; };
		1DF46C0219023329005408CA /* UserSourceTests-Info.plist */ = {isa = PBXFileReference; lastKnownFileType = text.plist.xml; path = "UserSourceTests-Info.plist"; sourceTree = "<group>"; };
		1DF46C0419023329005408CA /* en */ = {isa = PBXFileReference; lastKnownFileType = text.plist.strings; name = en; path = en.lproj/InfoPlist.strings; sourceTree = "<group>"; };
		1DF46C0619023329005408CA /* UserSourceTests.m */ = {isa = PBXFileReference; lastKnownFileType = sourcecode.c.objc; path = UserSourceTests.m; sourceTree = "<group>"; };
		1DF46C0819023329005408CA /* UserSourceTests-Prefix.pch */ = {isa = PBXFileReference; lastKnownFileType = sourcecode.c.h; path = "UserSourceTests-Prefix.pch"; sourceTree = "<group>"; };
		1F766FDD13BBADB100FB74C0 /* en */ = {isa = PBXFileReference; lastKnownFileType = text.plist.strings; name = en; path = Localizable.strings; sourceTree = "<group>"; };
		226A125DCF5B4C82B80DB0E7 /* CDVInAppBrowser.h */ = {isa = PBXFileReference; fileEncoding = 4; lastKnownFileType = sourcecode.c.h; name = CDVInAppBrowser.h; path = org.apache.cordova.inappbrowser/CDVInAppBrowser.h; sourceTree = "<group>"; };
		2775F46639AF437EAC061804 /* CoreText.framework */ = {isa = PBXFileReference; fileEncoding = 4; lastKnownFileType = wrapper.framework; name = CoreText.framework; path = System/Library/Frameworks/CoreText.framework; sourceTree = SDKROOT; };
		288765FC0DF74451002DB57D /* CoreGraphics.framework */ = {isa = PBXFileReference; lastKnownFileType = wrapper.framework; name = CoreGraphics.framework; path = System/Library/Frameworks/CoreGraphics.framework; sourceTree = SDKROOT; };
		288E96B97A0B40C593E5315A /* CDVJpegHeaderWriter.h */ = {isa = PBXFileReference; fileEncoding = 4; lastKnownFileType = sourcecode.c.h; name = CDVJpegHeaderWriter.h; path = org.apache.cordova.camera/CDVJpegHeaderWriter.h; sourceTree = "<group>"; };
		29B97316FDCFA39411CA2CEA /* main.m */ = {isa = PBXFileReference; fileEncoding = 4; lastKnownFileType = sourcecode.c.objc; path = main.m; sourceTree = "<group>"; };
		2B02351B18A74AB4A1AF580D /* MediaPlayer.framework */ = {isa = PBXFileReference; fileEncoding = 4; lastKnownFileType = wrapper.framework; name = MediaPlayer.framework; path = System/Library/Frameworks/MediaPlayer.framework; sourceTree = SDKROOT; };
		2D309A94B6C24ABFA47CBCEA /* SocialSharing.m */ = {isa = PBXFileReference; fileEncoding = 4; lastKnownFileType = sourcecode.c.objc; name = SocialSharing.m; path = "nl.x-services.plugins.socialsharing/SocialSharing.m"; sourceTree = "<group>"; };
		301BF52D109A57CC0062928A /* CordovaLib.xcodeproj */ = {isa = PBXFileReference; lastKnownFileType = "wrapper.pb-project"; name = CordovaLib.xcodeproj; path = CordovaLib/CordovaLib.xcodeproj; sourceTree = "<group>"; };
		301BF56E109A69640062928A /* www */ = {isa = PBXFileReference; lastKnownFileType = folder; path = www; sourceTree = SOURCE_ROOT; };
		302D95F014D2391D003F00A1 /* MainViewController.xib */ = {isa = PBXFileReference; fileEncoding = 4; lastKnownFileType = file.xib; path = MainViewController.xib; sourceTree = "<group>"; };
		305D5FD0115AB8F900A74A75 /* MobileCoreServices.framework */ = {isa = PBXFileReference; lastKnownFileType = wrapper.framework; name = MobileCoreServices.framework; path = System/Library/Frameworks/MobileCoreServices.framework; sourceTree = SDKROOT; };
		32CA4F630368D1EE00C91783 /* UserSource-Prefix.pch */ = {isa = PBXFileReference; fileEncoding = 4; lastKnownFileType = sourcecode.c.h; path = "UserSource-Prefix.pch"; sourceTree = "<group>"; };
		387E6551480A42569C9F7E85 /* Accounts.framework */ = {isa = PBXFileReference; fileEncoding = 4; lastKnownFileType = wrapper.framework; name = Accounts.framework; path = System/Library/Frameworks/Accounts.framework; sourceTree = SDKROOT; };
		3DD8F1237A3D4F449FA17AC4 /* CDVAssetLibraryFilesystem.h */ = {isa = PBXFileReference; fileEncoding = 4; lastKnownFileType = sourcecode.c.h; name = CDVAssetLibraryFilesystem.h; path = org.apache.cordova.file/CDVAssetLibraryFilesystem.h; sourceTree = "<group>"; };
		3FB0F3648F894BB2AD5AB705 /* CDVContacts.m */ = {isa = PBXFileReference; fileEncoding = 4; lastKnownFileType = sourcecode.c.objc; name = CDVContacts.m; path = org.apache.cordova.contacts/CDVContacts.m; sourceTree = "<group>"; };
		4D1C4B1BCA954673AA3A74F9 /* CDVReachability.h */ = {isa = PBXFileReference; fileEncoding = 4; lastKnownFileType = sourcecode.c.h; name = CDVReachability.h; path = "org.apache.cordova.network-information/CDVReachability.h"; sourceTree = "<group>"; };
		4F04916C75E647579ACBEA31 /* GooglePlus.h */ = {isa = PBXFileReference; fileEncoding = 4; lastKnownFileType = sourcecode.c.h; name = GooglePlus.h; path = "nl.x-services.plugins.googleplus/GooglePlus.h"; sourceTree = "<group>"; };
		5491A59902AB44CA90766B19 /* SocialSharing.h */ = {isa = PBXFileReference; fileEncoding = 4; lastKnownFileType = sourcecode.c.h; name = SocialSharing.h; path = "nl.x-services.plugins.socialsharing/SocialSharing.h"; sourceTree = "<group>"; };
		5AEE5B34173C68D80009041E /* CoreLocation.framework */ = {isa = PBXFileReference; lastKnownFileType = wrapper.framework; name = CoreLocation.framework; path = System/Library/Frameworks/CoreLocation.framework; sourceTree = SDKROOT; };
		5B1594DC16A7569C00FEF299 /* AssetsLibrary.framework */ = {isa = PBXFileReference; lastKnownFileType = wrapper.framework; name = AssetsLibrary.framework; path = System/Library/Frameworks/AssetsLibrary.framework; sourceTree = SDKROOT; };
		5BB64FDC19F79C0E0017F6FE /* AnnoSingleton.h */ = {isa = PBXFileReference; fileEncoding = 4; lastKnownFileType = sourcecode.c.h; path = AnnoSingleton.h; sourceTree = "<group>"; };
		5BB64FDD19F79C0E0017F6FE /* AnnoSingleton.m */ = {isa = PBXFileReference; fileEncoding = 4; lastKnownFileType = sourcecode.c.objc; path = AnnoSingleton.m; sourceTree = "<group>"; };
		5BB6D26119EFAC5500AAF4A2 /* UserSourceAppDelegate.h */ = {isa = PBXFileReference; fileEncoding = 4; lastKnownFileType = sourcecode.c.h; path = UserSourceAppDelegate.h; sourceTree = "<group>"; };
		5BB6D26219EFAC5500AAF4A2 /* UserSourceAppDelegate.m */ = {isa = PBXFileReference; fileEncoding = 4; lastKnownFileType = sourcecode.c.objc; path = UserSourceAppDelegate.m; sourceTree = "<group>"; };
		5BBA243819FFB2CB0086AB8E /* ShakeView.h */ = {isa = PBXFileReference; fileEncoding = 4; lastKnownFileType = sourcecode.c.h; path = ShakeView.h; sourceTree = "<group>"; };
		5BBA243919FFB2CB0086AB8E /* ShakeView.m */ = {isa = PBXFileReference; fileEncoding = 4; lastKnownFileType = sourcecode.c.objc; path = ShakeView.m; sourceTree = "<group>"; };
		5BBAD08119E66C560060A80D /* libUserSourceStatic.a */ = {isa = PBXFileReference; explicitFileType = archive.ar; includeInIndex = 0; path = libUserSourceStatic.a; sourceTree = BUILT_PRODUCTS_DIR; };
		5BBAD08219E66C560060A80D /* Foundation.framework */ = {isa = PBXFileReference; lastKnownFileType = wrapper.framework; name = Foundation.framework; path = System/Library/Frameworks/Foundation.framework; sourceTree = SDKROOT; };
		5BBAD08619E66C560060A80D /* UserSourceStatic-Prefix.pch */ = {isa = PBXFileReference; lastKnownFileType = sourcecode.c.h; path = "UserSourceStatic-Prefix.pch"; sourceTree = "<group>"; };
		5BBAD08719E66C560060A80D /* UserSourceStatic.h */ = {isa = PBXFileReference; lastKnownFileType = sourcecode.c.h; path = UserSourceStatic.h; sourceTree = "<group>"; };
		5BBAD08919E66C560060A80D /* UserSourceStatic.m */ = {isa = PBXFileReference; lastKnownFileType = sourcecode.c.objc; path = UserSourceStatic.m; sourceTree = "<group>"; };
		5BBAD08F19E66C560060A80D /* UserSourceStaticTests.xctest */ = {isa = PBXFileReference; explicitFileType = wrapper.cfbundle; includeInIndex = 0; path = UserSourceStaticTests.xctest; sourceTree = BUILT_PRODUCTS_DIR; };
		5BBAD09019E66C560060A80D /* XCTest.framework */ = {isa = PBXFileReference; lastKnownFileType = wrapper.framework; name = XCTest.framework; path = Library/Frameworks/XCTest.framework; sourceTree = DEVELOPER_DIR; };
		5BBAD09319E66C560060A80D /* UIKit.framework */ = {isa = PBXFileReference; lastKnownFileType = wrapper.framework; name = UIKit.framework; path = Library/Frameworks/UIKit.framework; sourceTree = DEVELOPER_DIR; };
		5BBAD09A19E66C560060A80D /* UserSourceStaticTests-Info.plist */ = {isa = PBXFileReference; lastKnownFileType = text.plist.xml; path = "UserSourceStaticTests-Info.plist"; sourceTree = "<group>"; };
		5BBAD09C19E66C560060A80D /* en */ = {isa = PBXFileReference; lastKnownFileType = text.plist.strings; name = en; path = en.lproj/InfoPlist.strings; sourceTree = "<group>"; };
		5BBAD09E19E66C560060A80D /* UserSourceStaticTests.m */ = {isa = PBXFileReference; lastKnownFileType = sourcecode.c.objc; path = UserSourceStaticTests.m; sourceTree = "<group>"; };
		5BBAD0C019E67A690060A80D /* CoreImage.framework */ = {isa = PBXFileReference; lastKnownFileType = wrapper.framework; name = CoreImage.framework; path = System/Library/Frameworks/CoreImage.framework; sourceTree = SDKROOT; };
		5BBAD0C219E67A8A0060A80D /* QuartzCore.framework */ = {isa = PBXFileReference; lastKnownFileType = wrapper.framework; name = QuartzCore.framework; path = System/Library/Frameworks/QuartzCore.framework; sourceTree = SDKROOT; };
		5BBAD0C519E67AFC0060A80D /* UIKit.framework */ = {isa = PBXFileReference; lastKnownFileType = wrapper.framework; name = UIKit.framework; path = System/Library/Frameworks/UIKit.framework; sourceTree = SDKROOT; };
		5BC0B89519E7D6DC00A7A082 /* UserSourceStatic.bundle */ = {isa = PBXFileReference; explicitFileType = wrapper.cfbundle; includeInIndex = 0; path = UserSourceStatic.bundle; sourceTree = BUILT_PRODUCTS_DIR; };
		5BC0B89619E7D6DC00A7A082 /* CoreFoundation.framework */ = {isa = PBXFileReference; lastKnownFileType = wrapper.framework; name = CoreFoundation.framework; path = System/Library/Frameworks/CoreFoundation.framework; sourceTree = SDKROOT; };
		5BC0B89A19E7D6DC00A7A082 /* UserSourceResources-Info.plist */ = {isa = PBXFileReference; lastKnownFileType = text.plist.xml; path = "UserSourceResources-Info.plist"; sourceTree = "<group>"; };
		5BC0B89C19E7D6DC00A7A082 /* en */ = {isa = PBXFileReference; lastKnownFileType = text.plist.strings; name = en; path = en.lproj/InfoPlist.strings; sourceTree = "<group>"; };
		5BC0B89E19E7D6DC00A7A082 /* UserSourceResources-Prefix.pch */ = {isa = PBXFileReference; lastKnownFileType = sourcecode.c.h; path = "UserSourceResources-Prefix.pch"; sourceTree = "<group>"; };
		5E365714C57442BFA98F7272 /* CDVCamera.h */ = {isa = PBXFileReference; fileEncoding = 4; lastKnownFileType = sourcecode.c.h; name = CDVCamera.h; path = org.apache.cordova.camera/CDVCamera.h; sourceTree = "<group>"; };
		5F6A44BD0CE54299B52C91B4 /* Security.framework */ = {isa = PBXFileReference; fileEncoding = 4; lastKnownFileType = wrapper.framework; name = Security.framework; path = System/Library/Frameworks/Security.framework; sourceTree = SDKROOT; };
		61A796C5D2C54C2CBAB078E1 /* FacebookConnectPlugin.h */ = {isa = PBXFileReference; fileEncoding = 4; lastKnownFileType = sourcecode.c.h; name = FacebookConnectPlugin.h; path = com.phonegap.plugins.facebookconnect/FacebookConnectPlugin.h; sourceTree = "<group>"; };
		664D9BA08F294C4BA6067E35 /* CDVContact.m */ = {isa = PBXFileReference; fileEncoding = 4; lastKnownFileType = sourcecode.c.objc; name = CDVContact.m; path = org.apache.cordova.contacts/CDVContact.m; sourceTree = "<group>"; };
		68CE6AE042F64A29ABB97844 /* CDVAssetLibraryFilesystem.m */ = {isa = PBXFileReference; fileEncoding = 4; lastKnownFileType = sourcecode.c.objc; name = CDVAssetLibraryFilesystem.m; path = org.apache.cordova.file/CDVAssetLibraryFilesystem.m; sourceTree = "<group>"; };
		68F2E17157404E209E5111E0 /* UserSourceAppDelegate+notification.h */ = {isa = PBXFileReference; fileEncoding = 4; lastKnownFileType = sourcecode.c.h; name = "UserSourceAppDelegate+notification.h"; path = "com.phonegap.plugins.PushPlugin/UserSourceAppDelegate+notification.h"; sourceTree = "<group>"; };
		6B97616FA62A4AF7A287521D /* CDVCamera.m */ = {isa = PBXFileReference; fileEncoding = 4; lastKnownFileType = sourcecode.c.objc; name = CDVCamera.m; path = org.apache.cordova.camera/CDVCamera.m; sourceTree = "<group>"; };
		7124E1BBEF22405AA3FC57AD /* CDVDevice.h */ = {isa = PBXFileReference; fileEncoding = 4; lastKnownFileType = sourcecode.c.h; name = CDVDevice.h; path = org.apache.cordova.device/CDVDevice.h; sourceTree = "<group>"; };
		8377F476DE96474692965016 /* CDVFile.h */ = {isa = PBXFileReference; fileEncoding = 4; lastKnownFileType = sourcecode.c.h; name = CDVFile.h; path = org.apache.cordova.file/CDVFile.h; sourceTree = "<group>"; };
		8640ED30EE2E49A29252E8B5 /* CDVConnection.h */ = {isa = PBXFileReference; fileEncoding = 4; lastKnownFileType = sourcecode.c.h; name = CDVConnection.h; path = "org.apache.cordova.network-information/CDVConnection.h"; sourceTree = "<group>"; };
		8D1107310486CEB800E47090 /* UserSource-Info.plist */ = {isa = PBXFileReference; fileEncoding = 4; lastKnownFileType = text.plist.xml; name = "UserSource-Info.plist"; path = "../UserSource-Info.plist"; plistStructureDefinitionIdentifier = "com.apple.xcode.plist.structure-definition.iphone.info-plist"; sourceTree = "<group>"; };
		90A26A89ECCE4B33B39AC061 /* SQLitePlugin.h */ = {isa = PBXFileReference; fileEncoding = 4; lastKnownFileType = sourcecode.c.h; name = SQLitePlugin.h; path = com.brodysoft.sqlitePlugin/SQLitePlugin.h; sourceTree = "<group>"; };
		91C4B59A7AF94273A2748F6B /* SQLitePlugin.m */ = {isa = PBXFileReference; fileEncoding = 4; lastKnownFileType = sourcecode.c.objc; name = SQLitePlugin.m; path = com.brodysoft.sqlitePlugin/SQLitePlugin.m; sourceTree = "<group>"; };
		93A14EEC516145FAA4B3A57A /* FacebookSDK.framework */ = {isa = PBXFileReference; lastKnownFileType = wrapper.framework; name = FacebookSDK.framework; path = UserSource/Plugins/com.phonegap.plugins.facebookconnect/FacebookSDK.framework; sourceTree = "<group>"; };
		941DE4CAE98246CE88EB2AE0 /* CDVReachability.m */ = {isa = PBXFileReference; fileEncoding = 4; lastKnownFileType = sourcecode.c.objc; name = CDVReachability.m; path = "org.apache.cordova.network-information/CDVReachability.m"; sourceTree = "<group>"; };
		94F2AD4ABFF3452F997697B7 /* GooglePlus.framework */ = {isa = PBXFileReference; lastKnownFileType = wrapper.framework; name = GooglePlus.framework; path = "UserSource/Plugins/nl.x-services.plugins.googleplus/GooglePlus.framework"; sourceTree = "<group>"; };
		9920240F974842C08E3C61EA /* CDVDevice.m */ = {isa = PBXFileReference; fileEncoding = 4; lastKnownFileType = sourcecode.c.objc; name = CDVDevice.m; path = org.apache.cordova.device/CDVDevice.m; sourceTree = "<group>"; };
		994E9862B7E0481DAE979731 /* SystemConfiguration.framework */ = {isa = PBXFileReference; fileEncoding = 4; lastKnownFileType = wrapper.framework; name = SystemConfiguration.framework; path = System/Library/Frameworks/SystemConfiguration.framework; sourceTree = SDKROOT; };
		9A2FA4613C12492EB756D036 /* FacebookConnectPlugin.m */ = {isa = PBXFileReference; fileEncoding = 4; lastKnownFileType = sourcecode.c.objc; name = FacebookConnectPlugin.m; path = com.phonegap.plugins.facebookconnect/FacebookConnectPlugin.m; sourceTree = "<group>"; };
		9E42685CAE404B538B7AF06F /* GoogleOpenSource.framework */ = {isa = PBXFileReference; lastKnownFileType = wrapper.framework; name = GoogleOpenSource.framework; path = "UserSource/Plugins/nl.x-services.plugins.googleplus/GoogleOpenSource.framework"; sourceTree = "<group>"; };
		A5C848846E0648D78FE1CE30 /* CDVLocation.h */ = {isa = PBXFileReference; fileEncoding = 4; lastKnownFileType = sourcecode.c.h; name = CDVLocation.h; path = org.apache.cordova.geolocation/CDVLocation.h; sourceTree = "<group>"; };
		ABF26883A9154097BD756457 /* GooglePlus.m */ = {isa = PBXFileReference; fileEncoding = 4; lastKnownFileType = sourcecode.c.objc; name = GooglePlus.m; path = "nl.x-services.plugins.googleplus/GooglePlus.m"; sourceTree = "<group>"; };
		B357E14529B745B4AEF4D613 /* CDVInAppBrowser.m */ = {isa = PBXFileReference; fileEncoding = 4; lastKnownFileType = sourcecode.c.objc; name = CDVInAppBrowser.m; path = org.apache.cordova.inappbrowser/CDVInAppBrowser.m; sourceTree = "<group>"; };
		B65FB769EDC04C6DA9017D5B /* CDVJpegHeaderWriter.m */ = {isa = PBXFileReference; fileEncoding = 4; lastKnownFileType = sourcecode.c.objc; name = CDVJpegHeaderWriter.m; path = org.apache.cordova.camera/CDVJpegHeaderWriter.m; sourceTree = "<group>"; };
		B82173E04CF6475A970FD85E /* ImageIO.framework */ = {isa = PBXFileReference; fileEncoding = 4; lastKnownFileType = wrapper.framework; name = ImageIO.framework; path = System/Library/Frameworks/ImageIO.framework; sourceTree = SDKROOT; };
		D691F1E126C04979A8ADECC6 /* CDVLocation.m */ = {isa = PBXFileReference; fileEncoding = 4; lastKnownFileType = sourcecode.c.objc; name = CDVLocation.m; path = org.apache.cordova.geolocation/CDVLocation.m; sourceTree = "<group>"; };
		ED55C2CCBA71472FA9EB2B04 /* CDVLocalFilesystem.h */ = {isa = PBXFileReference; fileEncoding = 4; lastKnownFileType = sourcecode.c.h; name = CDVLocalFilesystem.h; path = org.apache.cordova.file/CDVLocalFilesystem.h; sourceTree = "<group>"; };
		EFFA8AAFDA6B4CA9986F89CF /* CDVLocalFilesystem.m */ = {isa = PBXFileReference; fileEncoding = 4; lastKnownFileType = sourcecode.c.objc; name = CDVLocalFilesystem.m; path = org.apache.cordova.file/CDVLocalFilesystem.m; sourceTree = "<group>"; };
		F2418451C4C6486CA194768D /* CDVContact.h */ = {isa = PBXFileReference; fileEncoding = 4; lastKnownFileType = sourcecode.c.h; name = CDVContact.h; path = org.apache.cordova.contacts/CDVContact.h; sourceTree = "<group>"; };
		F3F713FA28964CB18D9D3278 /* libsqlite3.dylib */ = {isa = PBXFileReference; fileEncoding = 4; lastKnownFileType = "compiled.mach-o.dylib"; name = libsqlite3.dylib; path = usr/lib/libsqlite3.dylib; sourceTree = SDKROOT; };
		F4815447178640BD972A8AE6 /* CDVConnection.m */ = {isa = PBXFileReference; fileEncoding = 4; lastKnownFileType = sourcecode.c.objc; name = CDVConnection.m; path = "org.apache.cordova.network-information/CDVConnection.m"; sourceTree = "<group>"; };
		F583DEA5C56F422C875065F3 /* AddressBook.framework */ = {isa = PBXFileReference; fileEncoding = 4; lastKnownFileType = wrapper.framework; name = AddressBook.framework; path = System/Library/Frameworks/AddressBook.framework; sourceTree = SDKROOT; };
		F840E1F0165FE0F500CFE078 /* config.xml */ = {isa = PBXFileReference; lastKnownFileType = text.xml; name = config.xml; path = UserSource/config.xml; sourceTree = "<group>"; };
		FD5266640B0344749F49768A /* AddressBookUI.framework */ = {isa = PBXFileReference; fileEncoding = 4; lastKnownFileType = wrapper.framework; name = AddressBookUI.framework; path = System/Library/Frameworks/AddressBookUI.framework; sourceTree = SDKROOT; };
		FFA2D6AB6D364653839AC60B /* CDVFile.m */ = {isa = PBXFileReference; fileEncoding = 4; lastKnownFileType = sourcecode.c.objc; name = CDVFile.m; path = org.apache.cordova.file/CDVFile.m; sourceTree = "<group>"; };
/* End PBXFileReference section */

/* Begin PBXFrameworksBuildPhase section */
		1D60588F0D05DD3D006BFB54 /* Frameworks */ = {
			isa = PBXFrameworksBuildPhase;
			buildActionMask = 2147483647;
			files = (
				1D89FB5D1AA083BE00AFB64E /* Crashlytics.framework in Frameworks */,
				1D89FB5C1AA083A200AFB64E /* Fabric.framework in Frameworks */,
				1D89FB5A1AA0835B00AFB64E /* AddressBook.framework in Frameworks */,
				5BBAAB9919F004C800AAC24D /* AddressBookUI.framework in Frameworks */,
				5BB6D28C19EFAF7A00AAF4A2 /* libsqlite3.dylib in Frameworks */,
				5BB6D28B19EFAF6900AAF4A2 /* libUserSourceStatic.a in Frameworks */,
				1DF9C52A18FBBD54004077BE /* AssetsLibrary.framework in Frameworks */,
				288765FD0DF74451002DB57D /* CoreGraphics.framework in Frameworks */,
				305D5FD1115AB8F900A74A75 /* MobileCoreServices.framework in Frameworks */,
				38054B42B93B4E0D97DFE419 /* GooglePlus.framework in Frameworks */,
				B494BB33A79A45BD873BB269 /* GoogleOpenSource.framework in Frameworks */,
				9188E8A8A5064151B676FEB5 /* CoreMotion.framework in Frameworks */,
				1B2A3A2F78C941779CD12BD3 /* CoreText.framework in Frameworks */,
				93348D7DBB5B4E00AF3908CF /* MediaPlayer.framework in Frameworks */,
				4F021CD57BAA4A8481CABC75 /* Security.framework in Frameworks */,
				4534B7172D6B41F8BBBBA579 /* FacebookSDK.framework in Frameworks */,
				24F803EF0B8D4C0C944F4580 /* Accounts.framework in Frameworks */,
			);
			runOnlyForDeploymentPostprocessing = 0;
		};
		1DF46BF619023329005408CA /* Frameworks */ = {
			isa = PBXFrameworksBuildPhase;
			buildActionMask = 2147483647;
			files = (
				1DAA39011902406000FCE403 /* MobileCoreServices.framework in Frameworks */,
				1DAA38FE19023FC600FCE403 /* AssetsLibrary.framework in Frameworks */,
			);
			runOnlyForDeploymentPostprocessing = 0;
		};
		5BBAD07E19E66C560060A80D /* Frameworks */ = {
			isa = PBXFrameworksBuildPhase;
			buildActionMask = 2147483647;
			files = (
			);
			runOnlyForDeploymentPostprocessing = 0;
		};
		5BBAD08C19E66C560060A80D /* Frameworks */ = {
			isa = PBXFrameworksBuildPhase;
			buildActionMask = 2147483647;
			files = (
			);
			runOnlyForDeploymentPostprocessing = 0;
		};
		5BC0B89219E7D6DC00A7A082 /* Frameworks */ = {
			isa = PBXFrameworksBuildPhase;
			buildActionMask = 2147483647;
			files = (
			);
			runOnlyForDeploymentPostprocessing = 0;
		};
/* End PBXFrameworksBuildPhase section */

/* Begin PBXGroup section */
		080E96DDFE201D6D7F000001 /* Classes */ = {
			isa = PBXGroup;
			children = (
				1D21308F1AA03236008F4566 /* UIWindow+AnnoSingleton.h */,
				1D2130901AA03236008F4566 /* UIWindow+AnnoSingleton.m */,
				1D21308B1AA02DB5008F4566 /* UserSourceSwizzler.h */,
				1D21308C1AA02DB6008F4566 /* UserSourceSwizzler.m */,
				1D44E81B18F7FEF5007A1635 /* AnnoUtils.h */,
				1D44E81C18F7FEF5007A1635 /* AnnoUtils.m */,
				1DDCA4E318F41A2B006E63FE /* AnnoDrawViewController.h */,
				1DDCA4E418F41A2B006E63FE /* AnnoDrawViewController.m */,
				1DDCA4E518F41A2B006E63FE /* CommunityViewController.h */,
				1DDCA4E618F41A2B006E63FE /* CommunityViewController.m */,
				1DDCA4E718F41A2B006E63FE /* IntroViewController.h */,
				1DDCA4E818F41A2B006E63FE /* IntroViewController.m */,
				1DDCA4E918F41A2B006E63FE /* OptionFeedbackViewController.h */,
				1DDCA4EA18F41A2B006E63FE /* OptionFeedbackViewController.m */,
				1D933EB818F26F6400C82F37 /* AnnoCordovaPlugin.h */,
				1D933EB918F26F6400C82F37 /* AnnoCordovaPlugin.m */,
				302D95F014D2391D003F00A1 /* MainViewController.xib */,
				5BB6D26119EFAC5500AAF4A2 /* UserSourceAppDelegate.h */,
				5BB6D26219EFAC5500AAF4A2 /* UserSourceAppDelegate.m */,
				1D6F35C81908CDE7002051ED /* ScreenshotGestureListener.h */,
				1D6F35C91908CDE7002051ED /* ScreenshotGestureListener.m */,
				5BB64FDC19F79C0E0017F6FE /* AnnoSingleton.h */,
				5BB64FDD19F79C0E0017F6FE /* AnnoSingleton.m */,
				5BBA243819FFB2CB0086AB8E /* ShakeView.h */,
				5BBA243919FFB2CB0086AB8E /* ShakeView.m */,
			);
			name = Classes;
			path = UserSource/Classes;
			sourceTree = SOURCE_ROOT;
		};
		19C28FACFE9D520D11CA2CBB /* Products */ = {
			isa = PBXGroup;
			children = (
				1D6058910D05DD3D006BFB54 /* UserSource.app */,
				1DF46BF919023329005408CA /* UserSourceTests.xctest */,
				5BBAD08119E66C560060A80D /* libUserSourceStatic.a */,
				5BBAD08F19E66C560060A80D /* UserSourceStaticTests.xctest */,
				5BC0B89519E7D6DC00A7A082 /* UserSourceStatic.bundle */,
			);
			name = Products;
			sourceTree = "<group>";
		};
		1DF46C0019023329005408CA /* UserSourceTests */ = {
			isa = PBXGroup;
			children = (
				1DF46C0619023329005408CA /* UserSourceTests.m */,
				1DF46C0119023329005408CA /* Supporting Files */,
			);
			path = UserSourceTests;
			sourceTree = "<group>";
		};
		1DF46C0119023329005408CA /* Supporting Files */ = {
			isa = PBXGroup;
			children = (
				1DF46C0219023329005408CA /* UserSourceTests-Info.plist */,
				1DF46C0319023329005408CA /* InfoPlist.strings */,
				1DF46C0819023329005408CA /* UserSourceTests-Prefix.pch */,
			);
			name = "Supporting Files";
			sourceTree = "<group>";
		};
		1F766FDB13BBADB100FB74C0 /* en.lproj */ = {
			isa = PBXGroup;
			children = (
				1F766FDC13BBADB100FB74C0 /* Localizable.strings */,
			);
			path = en.lproj;
			sourceTree = "<group>";
		};
		29B97314FDCFA39411CA2CEA /* CustomTemplate */ = {
			isa = PBXGroup;
			children = (
				1D9C2DF91A9F47E500DA2B32 /* Crashlytics.framework */,
				1D9C2DFA1A9F47E600DA2B32 /* Fabric.framework */,
				1DB34AD31A1F4EF80061F604 /* usersource_logo.png */,
				F840E1F0165FE0F500CFE078 /* config.xml */,
				301BF56E109A69640062928A /* www */,
				301BF52D109A57CC0062928A /* CordovaLib.xcodeproj */,
				080E96DDFE201D6D7F000001 /* Classes */,
				307C750510C5A3420062BCA9 /* Plugins */,
				29B97315FDCFA39411CA2CEA /* Other Sources */,
				29B97317FDCFA39411CA2CEA /* Resources */,
				1DF46C0019023329005408CA /* UserSourceTests */,
				5BBAD08419E66C560060A80D /* UserSourceStatic */,
				5BBAD09819E66C560060A80D /* UserSourceStaticTests */,
				5BC0B89819E7D6DC00A7A082 /* UserSourceResources */,
				29B97323FDCFA39411CA2CEA /* Frameworks */,
				19C28FACFE9D520D11CA2CBB /* Products */,
			);
			name = CustomTemplate;
			sourceTree = "<group>";
		};
		29B97315FDCFA39411CA2CEA /* Other Sources */ = {
			isa = PBXGroup;
			children = (
				32CA4F630368D1EE00C91783 /* UserSource-Prefix.pch */,
				29B97316FDCFA39411CA2CEA /* main.m */,
			);
			name = "Other Sources";
			path = UserSource;
			sourceTree = "<group>";
		};
		29B97317FDCFA39411CA2CEA /* Resources */ = {
			isa = PBXGroup;
			children = (
				1D49F332198BC30D0077DE51 /* Images.xcassets */,
				1F766FDB13BBADB100FB74C0 /* en.lproj */,
				8D1107310486CEB800E47090 /* UserSource-Info.plist */,
			);
			name = Resources;
			path = UserSource/Resources;
			sourceTree = "<group>";
		};
		29B97323FDCFA39411CA2CEA /* Frameworks */ = {
			isa = PBXGroup;
			children = (
				5BBAD0C519E67AFC0060A80D /* UIKit.framework */,
				5BBAD0C219E67A8A0060A80D /* QuartzCore.framework */,
				5BBAD0C019E67A690060A80D /* CoreImage.framework */,
				1D02161818EED18600E97738 /* MessageUI.framework */,
				1D02161618EED12600E97738 /* Social.framework */,
				5AEE5B34173C68D80009041E /* CoreLocation.framework */,
				5B1594DC16A7569C00FEF299 /* AssetsLibrary.framework */,
				288765FC0DF74451002DB57D /* CoreGraphics.framework */,
				305D5FD0115AB8F900A74A75 /* MobileCoreServices.framework */,
				994E9862B7E0481DAE979731 /* SystemConfiguration.framework */,
				F3F713FA28964CB18D9D3278 /* libsqlite3.dylib */,
				B82173E04CF6475A970FD85E /* ImageIO.framework */,
				F583DEA5C56F422C875065F3 /* AddressBook.framework */,
				FD5266640B0344749F49768A /* AddressBookUI.framework */,
				5BBAD08219E66C560060A80D /* Foundation.framework */,
				5BBAD09019E66C560060A80D /* XCTest.framework */,
				5BBAD09319E66C560060A80D /* UIKit.framework */,
				5BC0B89619E7D6DC00A7A082 /* CoreFoundation.framework */,
				94F2AD4ABFF3452F997697B7 /* GooglePlus.framework */,
				9E42685CAE404B538B7AF06F /* GoogleOpenSource.framework */,
				1DDBD1190A9946D7B084C779 /* CoreMotion.framework */,
				2775F46639AF437EAC061804 /* CoreText.framework */,
				2B02351B18A74AB4A1AF580D /* MediaPlayer.framework */,
				5F6A44BD0CE54299B52C91B4 /* Security.framework */,
				93A14EEC516145FAA4B3A57A /* FacebookSDK.framework */,
				387E6551480A42569C9F7E85 /* Accounts.framework */,
			);
			name = Frameworks;
			sourceTree = "<group>";
		};
		301BF52E109A57CC0062928A /* Products */ = {
			isa = PBXGroup;
			children = (
				301BF535109A57CC0062928A /* libCordova.a */,
			);
			name = Products;
			sourceTree = "<group>";
		};
		307C750510C5A3420062BCA9 /* Plugins */ = {
			isa = PBXGroup;
			children = (
				1D3E586C196A827A00FF9FC0 /* PushPlugin.h */,
				1D3E586D196A827A00FF9FC0 /* PushPlugin.m */,
				9920240F974842C08E3C61EA /* CDVDevice.m */,
				7124E1BBEF22405AA3FC57AD /* CDVDevice.h */,
				B357E14529B745B4AEF4D613 /* CDVInAppBrowser.m */,
				226A125DCF5B4C82B80DB0E7 /* CDVInAppBrowser.h */,
				FFA2D6AB6D364653839AC60B /* CDVFile.m */,
				EFFA8AAFDA6B4CA9986F89CF /* CDVLocalFilesystem.m */,
				68CE6AE042F64A29ABB97844 /* CDVAssetLibraryFilesystem.m */,
				8377F476DE96474692965016 /* CDVFile.h */,
				ED55C2CCBA71472FA9EB2B04 /* CDVLocalFilesystem.h */,
				3DD8F1237A3D4F449FA17AC4 /* CDVAssetLibraryFilesystem.h */,
				D691F1E126C04979A8ADECC6 /* CDVLocation.m */,
				A5C848846E0648D78FE1CE30 /* CDVLocation.h */,
				6B97616FA62A4AF7A287521D /* CDVCamera.m */,
				B65FB769EDC04C6DA9017D5B /* CDVJpegHeaderWriter.m */,
				5E365714C57442BFA98F7272 /* CDVCamera.h */,
				288E96B97A0B40C593E5315A /* CDVJpegHeaderWriter.h */,
				02D37BE39E244D0CBE31F43E /* CDVExif.h */,
				F4815447178640BD972A8AE6 /* CDVConnection.m */,
				941DE4CAE98246CE88EB2AE0 /* CDVReachability.m */,
				8640ED30EE2E49A29252E8B5 /* CDVConnection.h */,
				4D1C4B1BCA954673AA3A74F9 /* CDVReachability.h */,
				91C4B59A7AF94273A2748F6B /* SQLitePlugin.m */,
				90A26A89ECCE4B33B39AC061 /* SQLitePlugin.h */,
				2D309A94B6C24ABFA47CBCEA /* SocialSharing.m */,
				5491A59902AB44CA90766B19 /* SocialSharing.h */,
				3FB0F3648F894BB2AD5AB705 /* CDVContacts.m */,
				664D9BA08F294C4BA6067E35 /* CDVContact.m */,
				03682C3B0E3143BEB90C5DC9 /* CDVContacts.h */,
				F2418451C4C6486CA194768D /* CDVContact.h */,
				0A3A51F59B2349C08F199D4F /* UserSourceAppDelegate+notification.m */,
				68F2E17157404E209E5111E0 /* UserSourceAppDelegate+notification.h */,
				ABF26883A9154097BD756457 /* GooglePlus.m */,
				4F04916C75E647579ACBEA31 /* GooglePlus.h */,
				9A2FA4613C12492EB756D036 /* FacebookConnectPlugin.m */,
				61A796C5D2C54C2CBAB078E1 /* FacebookConnectPlugin.h */,
			);
			name = Plugins;
			path = UserSource/Plugins;
			sourceTree = SOURCE_ROOT;
		};
		5BBAD08419E66C560060A80D /* UserSourceStatic */ = {
			isa = PBXGroup;
			children = (
				5BBAD08719E66C560060A80D /* UserSourceStatic.h */,
				5BBAD08919E66C560060A80D /* UserSourceStatic.m */,
				5BBAD08519E66C560060A80D /* Supporting Files */,
			);
			path = UserSourceStatic;
			sourceTree = "<group>";
		};
		5BBAD08519E66C560060A80D /* Supporting Files */ = {
			isa = PBXGroup;
			children = (
				5BBAD08619E66C560060A80D /* UserSourceStatic-Prefix.pch */,
			);
			name = "Supporting Files";
			sourceTree = "<group>";
		};
		5BBAD09819E66C560060A80D /* UserSourceStaticTests */ = {
			isa = PBXGroup;
			children = (
				5BBAD09E19E66C560060A80D /* UserSourceStaticTests.m */,
				5BBAD09919E66C560060A80D /* Supporting Files */,
			);
			path = UserSourceStaticTests;
			sourceTree = "<group>";
		};
		5BBAD09919E66C560060A80D /* Supporting Files */ = {
			isa = PBXGroup;
			children = (
				5BBAD09A19E66C560060A80D /* UserSourceStaticTests-Info.plist */,
				5BBAD09B19E66C560060A80D /* InfoPlist.strings */,
			);
			name = "Supporting Files";
			sourceTree = "<group>";
		};
		5BC0B89819E7D6DC00A7A082 /* UserSourceResources */ = {
			isa = PBXGroup;
			children = (
				5BC0B89919E7D6DC00A7A082 /* Supporting Files */,
			);
			path = UserSourceResources;
			sourceTree = "<group>";
		};
		5BC0B89919E7D6DC00A7A082 /* Supporting Files */ = {
			isa = PBXGroup;
			children = (
				5BC0B89A19E7D6DC00A7A082 /* UserSourceResources-Info.plist */,
				5BC0B89B19E7D6DC00A7A082 /* InfoPlist.strings */,
				5BC0B89E19E7D6DC00A7A082 /* UserSourceResources-Prefix.pch */,
			);
			name = "Supporting Files";
			sourceTree = "<group>";
		};
/* End PBXGroup section */

/* Begin PBXHeadersBuildPhase section */
		5BBAD0A619E66C950060A80D /* Headers */ = {
			isa = PBXHeadersBuildPhase;
			buildActionMask = 2147483647;
			files = (
				5BB6D26F19EFADD000AAF4A2 /* AnnoUtils.h in Headers */,
				5BB6D27019EFADD000AAF4A2 /* AnnoDrawViewController.h in Headers */,
				5BB6D27119EFADD000AAF4A2 /* CommunityViewController.h in Headers */,
				5BB6D27219EFADD000AAF4A2 /* IntroViewController.h in Headers */,
				5BB6D27319EFADD000AAF4A2 /* OptionFeedbackViewController.h in Headers */,
				5BB6D27419EFADD000AAF4A2 /* AnnoCordovaPlugin.h in Headers */,
				5BB6D27619EFADD000AAF4A2 /* ScreenshotGestureListener.h in Headers */,
				1DAE4C2F19F528B200E3A1BA /* UserSourceStatic.h in Headers */,
				5BB64FE019F7ABD10017F6FE /* AnnoSingleton.h in Headers */,
				5BBA243C19FFB3100086AB8E /* ShakeView.h in Headers */,
				1D2130921AA039D8008F4566 /* UIWindow+AnnoSingleton.h in Headers */,
				1D2130931AA039D8008F4566 /* UserSourceSwizzler.h in Headers */,
			);
			runOnlyForDeploymentPostprocessing = 0;
		};
/* End PBXHeadersBuildPhase section */

/* Begin PBXNativeTarget section */
		1D6058900D05DD3D006BFB54 /* UserSource */ = {
			isa = PBXNativeTarget;
			buildConfigurationList = 1D6058960D05DD3E006BFB54 /* Build configuration list for PBXNativeTarget "UserSource" */;
			buildPhases = (
				304B58A110DAC018002A0835 /* Copy www directory */,
				1D60588D0D05DD3D006BFB54 /* Resources */,
				1D60588E0D05DD3D006BFB54 /* Sources */,
				1D60588F0D05DD3D006BFB54 /* Frameworks */,
				1D9C2DF71A9F47CE00DA2B32 /* ShellScript */,
			);
			buildRules = (
			);
			dependencies = (
				5BB3349B19E7AD1E0012B10B /* PBXTargetDependency */,
				5BBAD0DE19E692470060A80D /* PBXTargetDependency */,
			);
			name = UserSource;
			productName = UserSource;
			productReference = 1D6058910D05DD3D006BFB54 /* UserSource.app */;
			productType = "com.apple.product-type.application";
		};
		1DF46BF819023329005408CA /* UserSourceTests */ = {
			isa = PBXNativeTarget;
			buildConfigurationList = 1DF46C0D19023329005408CA /* Build configuration list for PBXNativeTarget "UserSourceTests" */;
			buildPhases = (
				1DF46BF519023329005408CA /* Sources */,
				1DF46BF619023329005408CA /* Frameworks */,
				1DF46BF719023329005408CA /* Resources */,
			);
			buildRules = (
			);
			dependencies = (
				1DF46C0A19023329005408CA /* PBXTargetDependency */,
			);
			name = UserSourceTests;
			productName = UserSourceTests;
			productReference = 1DF46BF919023329005408CA /* UserSourceTests.xctest */;
			productType = "com.apple.product-type.bundle.unit-test";
		};
		5BBAD08019E66C560060A80D /* UserSourceStatic */ = {
			isa = PBXNativeTarget;
			buildConfigurationList = 5BBAD0A419E66C560060A80D /* Build configuration list for PBXNativeTarget "UserSourceStatic" */;
			buildPhases = (
				5BBAD07D19E66C560060A80D /* Sources */,
				5BBAD07E19E66C560060A80D /* Frameworks */,
				5BBAD07F19E66C560060A80D /* CopyFiles */,
				5BBAD0A619E66C950060A80D /* Headers */,
				5BBAD0A819E677D10060A80D /* MakeFramework */,
			);
			buildRules = (
			);
			dependencies = (
			);
			name = UserSourceStatic;
			productName = UserSourceStatic;
			productReference = 5BBAD08119E66C560060A80D /* libUserSourceStatic.a */;
			productType = "com.apple.product-type.library.static";
		};
		5BBAD08E19E66C560060A80D /* UserSourceStaticTests */ = {
			isa = PBXNativeTarget;
			buildConfigurationList = 5BBAD0A519E66C560060A80D /* Build configuration list for PBXNativeTarget "UserSourceStaticTests" */;
			buildPhases = (
				5BBAD08B19E66C560060A80D /* Sources */,
				5BBAD08C19E66C560060A80D /* Frameworks */,
				5BBAD08D19E66C560060A80D /* Resources */,
			);
			buildRules = (
			);
			dependencies = (
				5BBAD09619E66C560060A80D /* PBXTargetDependency */,
			);
			name = UserSourceStaticTests;
			productName = UserSourceStaticTests;
			productReference = 5BBAD08F19E66C560060A80D /* UserSourceStaticTests.xctest */;
			productType = "com.apple.product-type.bundle.unit-test";
		};
		5BC0B89419E7D6DC00A7A082 /* UserSourceResources */ = {
			isa = PBXNativeTarget;
			buildConfigurationList = 5BC0B89F19E7D6DC00A7A082 /* Build configuration list for PBXNativeTarget "UserSourceResources" */;
			buildPhases = (
				5BC0B89119E7D6DC00A7A082 /* Sources */,
				5BC0B89219E7D6DC00A7A082 /* Frameworks */,
				5BC0B89319E7D6DC00A7A082 /* Resources */,
			);
			buildRules = (
			);
			dependencies = (
			);
			name = UserSourceResources;
			productName = UserSourceResources;
			productReference = 5BC0B89519E7D6DC00A7A082 /* UserSourceStatic.bundle */;
			productType = "com.apple.product-type.bundle";
		};
/* End PBXNativeTarget section */

/* Begin PBXProject section */
		29B97313FDCFA39411CA2CEA /* Project object */ = {
			isa = PBXProject;
			attributes = {
				LastUpgradeCheck = 600;
				TargetAttributes = {
					1D6058900D05DD3D006BFB54 = {
						DevelopmentTeam = G7Y3KRBLX8;
					};
					1DF46BF819023329005408CA = {
						TestTargetID = 1D6058900D05DD3D006BFB54;
					};
					5BBAD08E19E66C560060A80D = {
						TestTargetID = 1D6058900D05DD3D006BFB54;
					};
				};
			};
			buildConfigurationList = C01FCF4E08A954540054247B /* Build configuration list for PBXProject "UserSource" */;
			compatibilityVersion = "Xcode 3.2";
			developmentRegion = English;
			hasScannedForEncodings = 1;
			knownRegions = (
				English,
				Japanese,
				French,
				German,
				en,
			);
			mainGroup = 29B97314FDCFA39411CA2CEA /* CustomTemplate */;
			projectDirPath = "";
			projectReferences = (
				{
					ProductGroup = 301BF52E109A57CC0062928A /* Products */;
					ProjectRef = 301BF52D109A57CC0062928A /* CordovaLib.xcodeproj */;
				},
			);
			projectRoot = "";
			targets = (
				1D6058900D05DD3D006BFB54 /* UserSource */,
				1DF46BF819023329005408CA /* UserSourceTests */,
				5BBAD08019E66C560060A80D /* UserSourceStatic */,
				5BBAD08E19E66C560060A80D /* UserSourceStaticTests */,
				5BBAD0D719E691860060A80D /* UserSourcePlugin */,
				5BC0B89419E7D6DC00A7A082 /* UserSourceResources */,
			);
		};
/* End PBXProject section */

/* Begin PBXReferenceProxy section */
		301BF535109A57CC0062928A /* libCordova.a */ = {
			isa = PBXReferenceProxy;
			fileType = archive.ar;
			path = libCordova.a;
			remoteRef = 301BF534109A57CC0062928A /* PBXContainerItemProxy */;
			sourceTree = BUILT_PRODUCTS_DIR;
		};
/* End PBXReferenceProxy section */

/* Begin PBXResourcesBuildPhase section */
		1D60588D0D05DD3D006BFB54 /* Resources */ = {
			isa = PBXResourcesBuildPhase;
			buildActionMask = 2147483647;
			files = (
				F840E1F1165FE0F500CFE078 /* config.xml in Resources */,
				1DB34AD41A1F4EF80061F604 /* usersource_logo.png in Resources */,
				1D49F333198BC30D0077DE51 /* Images.xcassets in Resources */,
				1F766FE113BBADB100FB74C0 /* Localizable.strings in Resources */,
				302D95F214D2391D003F00A1 /* MainViewController.xib in Resources */,
			);
			runOnlyForDeploymentPostprocessing = 0;
		};
		1DF46BF719023329005408CA /* Resources */ = {
			isa = PBXResourcesBuildPhase;
			buildActionMask = 2147483647;
			files = (
				1DF46C0519023329005408CA /* InfoPlist.strings in Resources */,
			);
			runOnlyForDeploymentPostprocessing = 0;
		};
		5BBAD08D19E66C560060A80D /* Resources */ = {
			isa = PBXResourcesBuildPhase;
			buildActionMask = 2147483647;
			files = (
			);
			runOnlyForDeploymentPostprocessing = 0;
		};
		5BC0B89319E7D6DC00A7A082 /* Resources */ = {
			isa = PBXResourcesBuildPhase;
			buildActionMask = 2147483647;
			files = (
			);
			runOnlyForDeploymentPostprocessing = 0;
		};
/* End PBXResourcesBuildPhase section */

/* Begin PBXShellScriptBuildPhase section */
		1D9C2DF71A9F47CE00DA2B32 /* ShellScript */ = {
			isa = PBXShellScriptBuildPhase;
			buildActionMask = 2147483647;
			files = (
			);
			inputPaths = (
			);
			outputPaths = (
			);
			runOnlyForDeploymentPostprocessing = 0;
			shellPath = /bin/sh;
			shellScript = "./Fabric.framework/run 15483efa01068726568c5a2cf531594b734f3f6f a1788e46fb883237da6d8ae5b2c4180380383886d843a82b49808dbf3faff7a0";
		};
		304B58A110DAC018002A0835 /* Copy www directory */ = {
			isa = PBXShellScriptBuildPhase;
			buildActionMask = 2147483647;
			files = (
			);
			inputPaths = (
			);
			name = "Copy www directory";
			outputPaths = (
			);
			runOnlyForDeploymentPostprocessing = 0;
			shellPath = /bin/sh;
			shellScript = "cordova/lib/copy-www-build-step.sh";
		};
		5BBAD0A819E677D10060A80D /* MakeFramework */ = {
			isa = PBXShellScriptBuildPhase;
			buildActionMask = 2147483647;
			files = (
			);
			inputPaths = (
			);
			name = MakeFramework;
			outputPaths = (
			);
			runOnlyForDeploymentPostprocessing = 0;
			shellPath = /bin/sh;
			shellScript = "set -e\n\nmkdir -p \"${BUILT_PRODUCTS_DIR}/${PRODUCT_NAME}.framework/Versions/A/Headers\"\n\n# Link the \"Current\" version to \"A\"\n/bin/ln -sfh A \"${BUILT_PRODUCTS_DIR}/${PRODUCT_NAME}.framework/Versions/Current\"\n/bin/ln -sfh Versions/Current/Headers \"${BUILT_PRODUCTS_DIR}/${PRODUCT_NAME}.framework/Headers\"\n/bin/ln -sfh \"Versions/Current/${PRODUCT_NAME}\" \"${BUILT_PRODUCTS_DIR}/${PRODUCT_NAME}.framework/${PRODUCT_NAME}\"\n\n# The -a ensures that the headers maintain the source modification date so that we don't constantly\n# cause propagating rebuilds of files that import these headers.\n/bin/cp -a \"${TARGET_BUILD_DIR}/${PUBLIC_HEADERS_FOLDER_PATH}/\" \"${BUILT_PRODUCTS_DIR}/${PRODUCT_NAME}.framework/Versions/A/Headers\"\n";
		};
		5BBAD0E019E695650060A80D /* Build Framework */ = {
			isa = PBXShellScriptBuildPhase;
			buildActionMask = 2147483647;
			files = (
			);
			inputPaths = (
			);
			name = "Build Framework";
			outputPaths = (
			);
			runOnlyForDeploymentPostprocessing = 0;
			shellPath = /bin/sh;
			shellScript = "set -e\nset +u\n# Avoid recursively calling this script.\nif [[ $SF_MASTER_SCRIPT_RUNNING ]]\nthen\nexit 0\nfi\nset -u\nexport SF_MASTER_SCRIPT_RUNNING=1\n\nSF_TARGET_NAME=${PROJECT_NAME}Static\nSF_EXECUTABLE_PATH=\"lib${SF_TARGET_NAME}.a\"\nSF_WRAPPER_NAME=\"${SF_TARGET_NAME}.framework\"\n\n# The following conditionals come from\n# https://github.com/kstenerud/iOS-Universal-Framework\n\nif [[ \"$SDK_NAME\" =~ ([A-Za-z]+) ]]\nthen\nSF_SDK_PLATFORM=${BASH_REMATCH[1]}\nelse\necho \"Could not find platform name from SDK_NAME: $SDK_NAME\"\nexit 1\nfi\n\nif [[ \"$SDK_NAME\" =~ ([0-9]+.*$) ]]\nthen\nSF_SDK_VERSION=${BASH_REMATCH[1]}\nelse\necho \"Could not find sdk version from SDK_NAME: $SDK_NAME\"\nexit 1\nfi\n\nif [[ \"$SF_SDK_PLATFORM\" = \"iphoneos\" ]]\nthen\nSF_OTHER_PLATFORM=iphonesimulator\nelse\nSF_OTHER_PLATFORM=iphoneos\nfi\n\nif [[ \"$BUILT_PRODUCTS_DIR\" =~ (.*)$SF_SDK_PLATFORM$ ]]\nthen\nSF_OTHER_BUILT_PRODUCTS_DIR=\"${BASH_REMATCH[1]}${SF_OTHER_PLATFORM}\"\nelse\necho \"Could not find platform name from build products directory: $BUILT_PRODUCTS_DIR\"\nexit 1\nfi\n\n# Build the other platform.\nxcrun xcodebuild -project \"${PROJECT_FILE_PATH}\" -target \"${TARGET_NAME}\" -configuration \"${CONFIGURATION}\" -sdk ${SF_OTHER_PLATFORM}${SF_SDK_VERSION} BUILD_DIR=\"${BUILD_DIR}\" OBJROOT=\"${OBJROOT}\" BUILD_ROOT=\"${BUILD_ROOT}\" SYMROOT=\"${SYMROOT}\" $ACTION\n\n# Smash the two static libraries into one fat binary and store it in the .framework\nxcrun lipo -create \"${BUILT_PRODUCTS_DIR}/${SF_EXECUTABLE_PATH}\" \"${SF_OTHER_BUILT_PRODUCTS_DIR}/${SF_EXECUTABLE_PATH}\" -output \"${BUILT_PRODUCTS_DIR}/${SF_WRAPPER_NAME}/Versions/A/${SF_TARGET_NAME}\"\n\n# Copy the binary to the other architecture folder to have a complete framework in both.\ncp -a \"${BUILT_PRODUCTS_DIR}/${SF_WRAPPER_NAME}/Versions/A/${SF_TARGET_NAME}\" \"${SF_OTHER_BUILT_PRODUCTS_DIR}/${SF_WRAPPER_NAME}/Versions/A/${SF_TARGET_NAME}\"\n\nPACKAGE_DIR=\"${BUILT_PRODUCTS_DIR}/${SF_WRAPPER_NAME}_package\"\nmkdir -p \"${PACKAGE_DIR}\"\necho \"PATHS ${PACKAGE_DIR}, ${PROJECT_DIR}\"\nrsync -a \"${BUILT_PRODUCTS_DIR}/${SF_WRAPPER_NAME}\" \"${PACKAGE_DIR}\"\nrsync -aL \"${PROJECT_DIR}/www\" \"${PACKAGE_DIR}/.\"\nrsync -a \"${PROJECT_DIR}/UserSource/config.xml\" \"${PACKAGE_DIR}/.\"\n#rm -rf \"${PACKAGE_DIR}/www/anno\"\n#rsync -a \"${PROJECT_DIR}/../../www/anno\" \"${PACKAGE_DIR}/www/.\"\n\ntar -cf \"${BUILT_PRODUCTS_DIR}/${SF_WRAPPER_NAME}.tar\" -C\"${BUILT_PRODUCTS_DIR}\" \"${SF_WRAPPER_NAME}_package\"\n";
		};
/* End PBXShellScriptBuildPhase section */

/* Begin PBXSourcesBuildPhase section */
		1D60588E0D05DD3D006BFB54 /* Sources */ = {
			isa = PBXSourcesBuildPhase;
			buildActionMask = 2147483647;
			files = (
				1D89FB681AA0908300AFB64E /* CDVLocation.m in Sources */,
				1D89FB661AA0900400AFB64E /* CDVContacts.m in Sources */,
				1D89FB671AA0900400AFB64E /* CDVContact.m in Sources */,
				1D89FB651AA08FC200AFB64E /* PushPlugin.m in Sources */,
				1D89FB621AA08DBA00AFB64E /* UserSourceAppDelegate+notification.m in Sources */,
				1D89FB601AA08D4400AFB64E /* UserSourceAppDelegate.m in Sources */,
				1D60589B0D05DD56006BFB54 /* main.m in Sources */,
				7784CB808E554E389709F3E3 /* GooglePlus.m in Sources */,
				2E473CFA6E50494E8A3D64BB /* FacebookConnectPlugin.m in Sources */,
			);
			runOnlyForDeploymentPostprocessing = 0;
		};
		1DF46BF519023329005408CA /* Sources */ = {
			isa = PBXSourcesBuildPhase;
			buildActionMask = 2147483647;
			files = (
				1D613FB1190B93E90068C1B7 /* ScreenshotGestureListener.m in Sources */,
				1DAA390E19025A9A00FCE403 /* AnnoUtils.m in Sources */,
				1DAA390A19025A9000FCE403 /* AnnoDrawViewController.m in Sources */,
				1DAA390B19025A9000FCE403 /* CommunityViewController.m in Sources */,
				1DAA390C19025A9000FCE403 /* IntroViewController.m in Sources */,
				1DAA390D19025A9000FCE403 /* OptionFeedbackViewController.m in Sources */,
				1DAA390919025A7600FCE403 /* AnnoCordovaPlugin.m in Sources */,
				1DAA390819024F2700FCE403 /* UserSourceTests.m in Sources */,
			);
			runOnlyForDeploymentPostprocessing = 0;
		};
		5BBAD07D19E66C560060A80D /* Sources */ = {
			isa = PBXSourcesBuildPhase;
			buildActionMask = 2147483647;
			files = (
				1D2130991AA03BEC008F4566 /* UIWindow+AnnoSingleton.m in Sources */,
				1D21309A1AA03BEC008F4566 /* UserSourceSwizzler.m in Sources */,
				5BBA243B19FFB3020086AB8E /* ShakeView.m in Sources */,
				5BB64FE119F7ABE50017F6FE /* AnnoSingleton.m in Sources */,
				5BB6D27819EFAE1A00AAF4A2 /* CDVDevice.m in Sources */,
				5BB6D27919EFAE1A00AAF4A2 /* CDVInAppBrowser.m in Sources */,
				5BB6D27A19EFAE1A00AAF4A2 /* CDVFile.m in Sources */,
				5BB6D27B19EFAE1A00AAF4A2 /* CDVLocalFilesystem.m in Sources */,
				5BB6D27C19EFAE1A00AAF4A2 /* CDVAssetLibraryFilesystem.m in Sources */,
				5BB6D27E19EFAE1A00AAF4A2 /* CDVCamera.m in Sources */,
				5BB6D27F19EFAE1A00AAF4A2 /* CDVJpegHeaderWriter.m in Sources */,
				5BB6D28019EFAE1A00AAF4A2 /* CDVConnection.m in Sources */,
				5BB6D28119EFAE1A00AAF4A2 /* CDVReachability.m in Sources */,
				5BB6D28219EFAE1A00AAF4A2 /* SQLitePlugin.m in Sources */,
				5BB6D28319EFAE1A00AAF4A2 /* SocialSharing.m in Sources */,
				5BB6D26719EFADAD00AAF4A2 /* AnnoUtils.m in Sources */,
				5BB6D26819EFADAD00AAF4A2 /* AnnoDrawViewController.m in Sources */,
				5BB6D26919EFADAD00AAF4A2 /* CommunityViewController.m in Sources */,
				5BB6D26A19EFADAD00AAF4A2 /* IntroViewController.m in Sources */,
				5BB6D26B19EFADAD00AAF4A2 /* OptionFeedbackViewController.m in Sources */,
				5BB6D26C19EFADAD00AAF4A2 /* AnnoCordovaPlugin.m in Sources */,
				5BB6D26E19EFADAD00AAF4A2 /* ScreenshotGestureListener.m in Sources */,
			);
			runOnlyForDeploymentPostprocessing = 0;
		};
		5BBAD08B19E66C560060A80D /* Sources */ = {
			isa = PBXSourcesBuildPhase;
			buildActionMask = 2147483647;
			files = (
			);
			runOnlyForDeploymentPostprocessing = 0;
		};
		5BC0B89119E7D6DC00A7A082 /* Sources */ = {
			isa = PBXSourcesBuildPhase;
			buildActionMask = 2147483647;
			files = (
			);
			runOnlyForDeploymentPostprocessing = 0;
		};
/* End PBXSourcesBuildPhase section */

/* Begin PBXTargetDependency section */
		1DF46C0A19023329005408CA /* PBXTargetDependency */ = {
			isa = PBXTargetDependency;
			target = 1D6058900D05DD3D006BFB54 /* UserSource */;
			targetProxy = 1DF46C0919023329005408CA /* PBXContainerItemProxy */;
		};
		5BB3349B19E7AD1E0012B10B /* PBXTargetDependency */ = {
			isa = PBXTargetDependency;
			name = CordovaLib;
			targetProxy = 5BB3349A19E7AD1E0012B10B /* PBXContainerItemProxy */;
		};
		5BB6D26619EFAD8600AAF4A2 /* PBXTargetDependency */ = {
			isa = PBXTargetDependency;
			target = 5BBAD08019E66C560060A80D /* UserSourceStatic */;
			targetProxy = 5BB6D26519EFAD8600AAF4A2 /* PBXContainerItemProxy */;
		};
		5BBAD09619E66C560060A80D /* PBXTargetDependency */ = {
			isa = PBXTargetDependency;
			target = 5BBAD08019E66C560060A80D /* UserSourceStatic */;
			targetProxy = 5BBAD09519E66C560060A80D /* PBXContainerItemProxy */;
		};
		5BBAD0DE19E692470060A80D /* PBXTargetDependency */ = {
			isa = PBXTargetDependency;
			target = 5BBAD08019E66C560060A80D /* UserSourceStatic */;
			targetProxy = 5BBAD0DD19E692470060A80D /* PBXContainerItemProxy */;
		};
		5BC0B8A419E7D7FA00A7A082 /* PBXTargetDependency */ = {
			isa = PBXTargetDependency;
			target = 5BC0B89419E7D6DC00A7A082 /* UserSourceResources */;
			targetProxy = 5BC0B8A319E7D7FA00A7A082 /* PBXContainerItemProxy */;
		};
/* End PBXTargetDependency section */

/* Begin PBXVariantGroup section */
		1DF46C0319023329005408CA /* InfoPlist.strings */ = {
			isa = PBXVariantGroup;
			children = (
				1DF46C0419023329005408CA /* en */,
			);
			name = InfoPlist.strings;
			sourceTree = "<group>";
		};
		1F766FDC13BBADB100FB74C0 /* Localizable.strings */ = {
			isa = PBXVariantGroup;
			children = (
				1F766FDD13BBADB100FB74C0 /* en */,
			);
			name = Localizable.strings;
			sourceTree = "<group>";
		};
		5BBAD09B19E66C560060A80D /* InfoPlist.strings */ = {
			isa = PBXVariantGroup;
			children = (
				5BBAD09C19E66C560060A80D /* en */,
			);
			name = InfoPlist.strings;
			sourceTree = "<group>";
		};
		5BC0B89B19E7D6DC00A7A082 /* InfoPlist.strings */ = {
			isa = PBXVariantGroup;
			children = (
				5BC0B89C19E7D6DC00A7A082 /* en */,
			);
			name = InfoPlist.strings;
			sourceTree = "<group>";
		};
/* End PBXVariantGroup section */

/* Begin XCBuildConfiguration section */
		1D6058940D05DD3E006BFB54 /* Debug */ = {
			isa = XCBuildConfiguration;
			buildSettings = {
				ALWAYS_SEARCH_USER_PATHS = NO;
				ASSETCATALOG_COMPILER_APPICON_NAME = AppIcon;
				ASSETCATALOG_COMPILER_LAUNCHIMAGE_NAME = LaunchImage;
				BUNDLE_LOADER = "";
				CLANG_ENABLE_OBJC_ARC = YES;
				CODE_SIGN_IDENTITY = "iPhone Developer";
				"CODE_SIGN_IDENTITY[sdk=iphoneos*]" = "iPhone Developer";
				COPY_PHASE_STRIP = NO;
				FRAMEWORK_SEARCH_PATHS = (
					"$(inherited)",
					"$(DEVELOPER_FRAMEWORKS_DIR)",
					"UserSource/Plugins/nl.x-services.plugins.googleplus",
					"UserSource/Plugins/nl.x-services.plugins.googleplus",
					UserSource/Plugins/com.phonegap.plugins.facebookconnect,
					"$(PROJECT_DIR)",
				);
				GCC_DYNAMIC_NO_PIC = NO;
				GCC_OPTIMIZATION_LEVEL = 0;
				GCC_PRECOMPILE_PREFIX_HEADER = YES;
				GCC_PREFIX_HEADER = "UserSource/UserSource-Prefix.pch";
				GCC_SYMBOLS_PRIVATE_EXTERN = YES;
				GCC_THUMB_SUPPORT = NO;
				GCC_VERSION = "";
				INFOPLIST_FILE = "UserSource/UserSource-Info.plist";
				IPHONEOS_DEPLOYMENT_TARGET = 6.0;
				LIBRARY_SEARCH_PATHS = (
					"$(inherited)",
					"$(PROJECT_DIR)/build/emulator",
					"$(PROJECT_DIR)/build/device",
					"$(PROJECT_DIR)/UserSource",
				);
				ONLY_ACTIVE_ARCH = YES;
				OTHER_LDFLAGS = (
					"-weak_framework",
					CoreFoundation,
					"-weak_framework",
					UIKit,
					"-weak_framework",
					AVFoundation,
					"-weak_framework",
					CoreMedia,
					"-weak-lSystem",
					"-force_load",
					"\"$(BUILT_PRODUCTS_DIR)/libCordova.a\"",
					"-ObjC",
				);
				PRODUCT_NAME = UserSource;
				PROVISIONING_PROFILE = "";
				TARGETED_DEVICE_FAMILY = "1,2";
				TEST_HOST = "$(BUNDLE_LOADER)";
			};
			name = Debug;
		};
		1D6058950D05DD3E006BFB54 /* Release */ = {
			isa = XCBuildConfiguration;
			buildSettings = {
				ALWAYS_SEARCH_USER_PATHS = NO;
				ASSETCATALOG_COMPILER_APPICON_NAME = AppIcon;
				ASSETCATALOG_COMPILER_LAUNCHIMAGE_NAME = LaunchImage;
				BUNDLE_LOADER = "";
				CLANG_ENABLE_OBJC_ARC = YES;
				CODE_SIGN_IDENTITY = "iPhone Developer";
				"CODE_SIGN_IDENTITY[sdk=iphoneos*]" = "iPhone Developer";
				COPY_PHASE_STRIP = YES;
				FRAMEWORK_SEARCH_PATHS = (
					"$(inherited)",
					"$(DEVELOPER_FRAMEWORKS_DIR)",
					"UserSource/Plugins/nl.x-services.plugins.googleplus",
					"UserSource/Plugins/nl.x-services.plugins.googleplus",
					UserSource/Plugins/com.phonegap.plugins.facebookconnect,
					"$(PROJECT_DIR)",
				);
				GCC_PRECOMPILE_PREFIX_HEADER = YES;
				GCC_PREFIX_HEADER = "UserSource/UserSource-Prefix.pch";
				GCC_SYMBOLS_PRIVATE_EXTERN = YES;
				GCC_THUMB_SUPPORT = NO;
				GCC_VERSION = "";
				INFOPLIST_FILE = "UserSource/UserSource-Info.plist";
				IPHONEOS_DEPLOYMENT_TARGET = 6.0;
				LIBRARY_SEARCH_PATHS = (
					"$(inherited)",
					"$(PROJECT_DIR)/build/emulator",
					"$(PROJECT_DIR)/build/device",
					"$(PROJECT_DIR)/UserSource",
				);
				OTHER_LDFLAGS = (
					"-weak_framework",
					CoreFoundation,
					"-weak_framework",
					UIKit,
					"-weak_framework",
					AVFoundation,
					"-weak_framework",
					CoreMedia,
					"-weak-lSystem",
					"-force_load",
					"\"$(BUILT_PRODUCTS_DIR)/libCordova.a\"",
					"-ObjC",
				);
				PRODUCT_NAME = UserSource;
				PROVISIONING_PROFILE = "";
				TARGETED_DEVICE_FAMILY = "1,2";
				TEST_HOST = "$(BUNDLE_LOADER)";
			};
			name = Release;
		};
		1DF46C0B19023329005408CA /* Debug */ = {
			isa = XCBuildConfiguration;
			buildSettings = {
				ALWAYS_SEARCH_USER_PATHS = NO;
				BUNDLE_LOADER = "$(BUILT_PRODUCTS_DIR)/UserSource.app/UserSource";
				CLANG_CXX_LANGUAGE_STANDARD = "gnu++0x";
				CLANG_CXX_LIBRARY = "libc++";
				CLANG_ENABLE_MODULES = YES;
				CLANG_WARN_DIRECT_OBJC_ISA_USAGE = YES_ERROR;
				CLANG_WARN_OBJC_ROOT_CLASS = YES_ERROR;
				COPY_PHASE_STRIP = NO;
				FRAMEWORK_SEARCH_PATHS = (
					"$(SDKROOT)/Developer/Library/Frameworks",
					"$(inherited)",
					"$(DEVELOPER_FRAMEWORKS_DIR)",
				);
				GCC_C_LANGUAGE_STANDARD = gnu99;
				GCC_DYNAMIC_NO_PIC = NO;
				GCC_OPTIMIZATION_LEVEL = 0;
				GCC_PRECOMPILE_PREFIX_HEADER = YES;
				GCC_PREFIX_HEADER = "UserSourceTests/UserSourceTests-Prefix.pch";
				GCC_PREPROCESSOR_DEFINITIONS = (
					"DEBUG=1",
					"$(inherited)",
				);
				GCC_SYMBOLS_PRIVATE_EXTERN = NO;
				GCC_WARN_64_TO_32_BIT_CONVERSION = YES;
				GCC_WARN_ABOUT_RETURN_TYPE = YES_ERROR;
				GCC_WARN_UNINITIALIZED_AUTOS = YES_AGGRESSIVE;
				INFOPLIST_FILE = "UserSourceTests/UserSourceTests-Info.plist";
				IPHONEOS_DEPLOYMENT_TARGET = 6.0;
				PRODUCT_NAME = "$(TARGET_NAME)";
				TEST_HOST = "$(BUNDLE_LOADER)";
				WRAPPER_EXTENSION = xctest;
			};
			name = Debug;
		};
		1DF46C0C19023329005408CA /* Release */ = {
			isa = XCBuildConfiguration;
			buildSettings = {
				ALWAYS_SEARCH_USER_PATHS = NO;
				BUNDLE_LOADER = "$(BUILT_PRODUCTS_DIR)/UserSource.app/UserSource";
				CLANG_CXX_LANGUAGE_STANDARD = "gnu++0x";
				CLANG_CXX_LIBRARY = "libc++";
				CLANG_ENABLE_MODULES = YES;
				CLANG_WARN_DIRECT_OBJC_ISA_USAGE = YES_ERROR;
				CLANG_WARN_OBJC_ROOT_CLASS = YES_ERROR;
				COPY_PHASE_STRIP = YES;
				ENABLE_NS_ASSERTIONS = NO;
				FRAMEWORK_SEARCH_PATHS = (
					"$(SDKROOT)/Developer/Library/Frameworks",
					"$(inherited)",
					"$(DEVELOPER_FRAMEWORKS_DIR)",
				);
				GCC_C_LANGUAGE_STANDARD = gnu99;
				GCC_PRECOMPILE_PREFIX_HEADER = YES;
				GCC_PREFIX_HEADER = "UserSourceTests/UserSourceTests-Prefix.pch";
				GCC_WARN_64_TO_32_BIT_CONVERSION = YES;
				GCC_WARN_ABOUT_RETURN_TYPE = YES_ERROR;
				GCC_WARN_UNINITIALIZED_AUTOS = YES_AGGRESSIVE;
				INFOPLIST_FILE = "UserSourceTests/UserSourceTests-Info.plist";
				IPHONEOS_DEPLOYMENT_TARGET = 6.0;
				PRODUCT_NAME = "$(TARGET_NAME)";
				TEST_HOST = "$(BUNDLE_LOADER)";
				VALIDATE_PRODUCT = YES;
				WRAPPER_EXTENSION = xctest;
			};
			name = Release;
		};
		5BBAD0A019E66C560060A80D /* Debug */ = {
			isa = XCBuildConfiguration;
			buildSettings = {
				ALWAYS_SEARCH_USER_PATHS = NO;
				CLANG_CXX_LANGUAGE_STANDARD = "gnu++0x";
				CLANG_CXX_LIBRARY = "libc++";
				CLANG_ENABLE_MODULES = YES;
				CLANG_WARN_DIRECT_OBJC_ISA_USAGE = YES_ERROR;
				CLANG_WARN_OBJC_ROOT_CLASS = YES_ERROR;
				COPY_PHASE_STRIP = NO;
				DEAD_CODE_STRIPPING = NO;
				DSTROOT = /tmp/UserSourceStatic.dst;
				FRAMEWORK_SEARCH_PATHS = (
					"$(inherited)",
					"$(PROJECT_DIR)",
				);
				GCC_C_LANGUAGE_STANDARD = gnu99;
				GCC_DYNAMIC_NO_PIC = NO;
				GCC_OPTIMIZATION_LEVEL = 0;
				GCC_PRECOMPILE_PREFIX_HEADER = YES;
				GCC_PREFIX_HEADER = "UserSourceStatic/UserSourceStatic-Prefix.pch";
				GCC_PREPROCESSOR_DEFINITIONS = (
					"DEBUG=1",
					"$(inherited)",
				);
				GCC_SYMBOLS_PRIVATE_EXTERN = NO;
				GCC_WARN_64_TO_32_BIT_CONVERSION = YES;
				GCC_WARN_ABOUT_RETURN_TYPE = YES_ERROR;
				GCC_WARN_UNINITIALIZED_AUTOS = YES_AGGRESSIVE;
				IPHONEOS_DEPLOYMENT_TARGET = 6.0;
				ONLY_ACTIVE_ARCH = NO;
				OTHER_LDFLAGS = "-ObjC";
				PRODUCT_NAME = "$(TARGET_NAME)";
				PUBLIC_HEADERS_FOLDER_PATH = "$(PROJECT_NAME)StaticHeaders";
				SKIP_INSTALL = YES;
				STRIP_STYLE = "non-global";
				VALID_ARCHS = "arm64 armv7 armv7s i386";
			};
			name = Debug;
		};
		5BBAD0A119E66C560060A80D /* Release */ = {
			isa = XCBuildConfiguration;
			buildSettings = {
				ALWAYS_SEARCH_USER_PATHS = NO;
				CLANG_CXX_LANGUAGE_STANDARD = "gnu++0x";
				CLANG_CXX_LIBRARY = "libc++";
				CLANG_ENABLE_MODULES = YES;
				CLANG_WARN_DIRECT_OBJC_ISA_USAGE = YES_ERROR;
				CLANG_WARN_OBJC_ROOT_CLASS = YES_ERROR;
				COPY_PHASE_STRIP = NO;
				DEAD_CODE_STRIPPING = NO;
				DSTROOT = /tmp/UserSourceStatic.dst;
				ENABLE_NS_ASSERTIONS = NO;
				FRAMEWORK_SEARCH_PATHS = (
					"$(inherited)",
					"$(PROJECT_DIR)",
				);
				GCC_C_LANGUAGE_STANDARD = gnu99;
				GCC_PRECOMPILE_PREFIX_HEADER = YES;
				GCC_PREFIX_HEADER = "UserSourceStatic/UserSourceStatic-Prefix.pch";
				GCC_WARN_64_TO_32_BIT_CONVERSION = YES;
				GCC_WARN_ABOUT_RETURN_TYPE = YES_ERROR;
				GCC_WARN_UNINITIALIZED_AUTOS = YES_AGGRESSIVE;
				IPHONEOS_DEPLOYMENT_TARGET = 6.0;
				OTHER_LDFLAGS = "-ObjC";
				PRODUCT_NAME = "$(TARGET_NAME)";
				PUBLIC_HEADERS_FOLDER_PATH = "$(PROJECT_NAME)StaticHeaders";
				SKIP_INSTALL = YES;
				STRIP_STYLE = "non-global";
				VALIDATE_PRODUCT = YES;
				VALID_ARCHS = "arm64 armv7 armv7s i386";
			};
			name = Release;
		};
		5BBAD0A219E66C560060A80D /* Debug */ = {
			isa = XCBuildConfiguration;
			buildSettings = {
				ALWAYS_SEARCH_USER_PATHS = NO;
				BUNDLE_LOADER = "$(BUILT_PRODUCTS_DIR)/UserSource.app/UserSource";
				CLANG_CXX_LANGUAGE_STANDARD = "gnu++0x";
				CLANG_CXX_LIBRARY = "libc++";
				CLANG_ENABLE_MODULES = YES;
				CLANG_WARN_DIRECT_OBJC_ISA_USAGE = YES_ERROR;
				CLANG_WARN_OBJC_ROOT_CLASS = YES_ERROR;
				COPY_PHASE_STRIP = NO;
				FRAMEWORK_SEARCH_PATHS = (
					"$(SDKROOT)/Developer/Library/Frameworks",
					"$(inherited)",
					"$(DEVELOPER_FRAMEWORKS_DIR)",
				);
				GCC_C_LANGUAGE_STANDARD = gnu99;
				GCC_DYNAMIC_NO_PIC = NO;
				GCC_OPTIMIZATION_LEVEL = 0;
				GCC_PRECOMPILE_PREFIX_HEADER = YES;
				GCC_PREFIX_HEADER = "UserSourceStatic/UserSourceStatic-Prefix.pch";
				GCC_PREPROCESSOR_DEFINITIONS = (
					"DEBUG=1",
					"$(inherited)",
				);
				GCC_SYMBOLS_PRIVATE_EXTERN = NO;
				GCC_WARN_64_TO_32_BIT_CONVERSION = YES;
				GCC_WARN_ABOUT_RETURN_TYPE = YES_ERROR;
				GCC_WARN_UNINITIALIZED_AUTOS = YES_AGGRESSIVE;
				INFOPLIST_FILE = "UserSourceStaticTests/UserSourceStaticTests-Info.plist";
				IPHONEOS_DEPLOYMENT_TARGET = 7.1;
				PRODUCT_NAME = "$(TARGET_NAME)";
				TEST_HOST = "$(BUNDLE_LOADER)";
				WRAPPER_EXTENSION = xctest;
			};
			name = Debug;
		};
		5BBAD0A319E66C560060A80D /* Release */ = {
			isa = XCBuildConfiguration;
			buildSettings = {
				ALWAYS_SEARCH_USER_PATHS = NO;
				BUNDLE_LOADER = "$(BUILT_PRODUCTS_DIR)/UserSource.app/UserSource";
				CLANG_CXX_LANGUAGE_STANDARD = "gnu++0x";
				CLANG_CXX_LIBRARY = "libc++";
				CLANG_ENABLE_MODULES = YES;
				CLANG_WARN_DIRECT_OBJC_ISA_USAGE = YES_ERROR;
				CLANG_WARN_OBJC_ROOT_CLASS = YES_ERROR;
				COPY_PHASE_STRIP = YES;
				ENABLE_NS_ASSERTIONS = NO;
				FRAMEWORK_SEARCH_PATHS = (
					"$(SDKROOT)/Developer/Library/Frameworks",
					"$(inherited)",
					"$(DEVELOPER_FRAMEWORKS_DIR)",
				);
				GCC_C_LANGUAGE_STANDARD = gnu99;
				GCC_PRECOMPILE_PREFIX_HEADER = YES;
				GCC_PREFIX_HEADER = "UserSourceStatic/UserSourceStatic-Prefix.pch";
				GCC_WARN_64_TO_32_BIT_CONVERSION = YES;
				GCC_WARN_ABOUT_RETURN_TYPE = YES_ERROR;
				GCC_WARN_UNINITIALIZED_AUTOS = YES_AGGRESSIVE;
				INFOPLIST_FILE = "UserSourceStaticTests/UserSourceStaticTests-Info.plist";
				IPHONEOS_DEPLOYMENT_TARGET = 7.1;
				PRODUCT_NAME = "$(TARGET_NAME)";
				TEST_HOST = "$(BUNDLE_LOADER)";
				VALIDATE_PRODUCT = YES;
				WRAPPER_EXTENSION = xctest;
			};
			name = Release;
		};
		5BBAD0D919E691860060A80D /* Debug */ = {
			isa = XCBuildConfiguration;
			buildSettings = {
				ONLY_ACTIVE_ARCH = NO;
				PRODUCT_NAME = "$(TARGET_NAME)";
				VALID_ARCHS = "arm64 armv7 armv7s i386";
			};
			name = Debug;
		};
		5BBAD0DA19E691860060A80D /* Release */ = {
			isa = XCBuildConfiguration;
			buildSettings = {
				PRODUCT_NAME = "$(TARGET_NAME)";
				VALID_ARCHS = "arm64 armv7 armv7s i386";
			};
			name = Release;
		};
		5BC0B8A019E7D6DC00A7A082 /* Debug */ = {
			isa = XCBuildConfiguration;
			buildSettings = {
				ALWAYS_SEARCH_USER_PATHS = NO;
				CLANG_CXX_LANGUAGE_STANDARD = "gnu++0x";
				CLANG_CXX_LIBRARY = "libc++";
				CLANG_ENABLE_MODULES = YES;
				CLANG_WARN_DIRECT_OBJC_ISA_USAGE = YES_ERROR;
				CLANG_WARN_OBJC_ROOT_CLASS = YES_ERROR;
				COPY_PHASE_STRIP = NO;
				GCC_C_LANGUAGE_STANDARD = gnu99;
				GCC_DYNAMIC_NO_PIC = NO;
				GCC_ENABLE_OBJC_EXCEPTIONS = YES;
				GCC_OPTIMIZATION_LEVEL = 0;
				GCC_PRECOMPILE_PREFIX_HEADER = YES;
				GCC_PREFIX_HEADER = "UserSourceResources/UserSourceResources-Prefix.pch";
				GCC_PREPROCESSOR_DEFINITIONS = (
					"DEBUG=1",
					"$(inherited)",
				);
				GCC_SYMBOLS_PRIVATE_EXTERN = NO;
				GCC_WARN_64_TO_32_BIT_CONVERSION = YES;
				GCC_WARN_ABOUT_RETURN_TYPE = YES_ERROR;
				GCC_WARN_UNINITIALIZED_AUTOS = YES_AGGRESSIVE;
				INFOPLIST_FILE = "UserSourceResources/UserSourceResources-Info.plist";
				INSTALL_PATH = "$(LOCAL_LIBRARY_DIR)/Bundles";
				MACOSX_DEPLOYMENT_TARGET = 10.9;
				ONLY_ACTIVE_ARCH = NO;
				PRODUCT_NAME = UserSourceStatic;
				SDKROOT = iphoneos;
				WRAPPER_EXTENSION = bundle;
			};
			name = Debug;
		};
		5BC0B8A119E7D6DC00A7A082 /* Release */ = {
			isa = XCBuildConfiguration;
			buildSettings = {
				ALWAYS_SEARCH_USER_PATHS = NO;
				CLANG_CXX_LANGUAGE_STANDARD = "gnu++0x";
				CLANG_CXX_LIBRARY = "libc++";
				CLANG_ENABLE_MODULES = YES;
				CLANG_WARN_DIRECT_OBJC_ISA_USAGE = YES_ERROR;
				CLANG_WARN_OBJC_ROOT_CLASS = YES_ERROR;
				COPY_PHASE_STRIP = YES;
				DEBUG_INFORMATION_FORMAT = "dwarf-with-dsym";
				ENABLE_NS_ASSERTIONS = NO;
				GCC_C_LANGUAGE_STANDARD = gnu99;
				GCC_ENABLE_OBJC_EXCEPTIONS = YES;
				GCC_PRECOMPILE_PREFIX_HEADER = YES;
				GCC_PREFIX_HEADER = "UserSourceResources/UserSourceResources-Prefix.pch";
				GCC_WARN_64_TO_32_BIT_CONVERSION = YES;
				GCC_WARN_ABOUT_RETURN_TYPE = YES_ERROR;
				GCC_WARN_UNINITIALIZED_AUTOS = YES_AGGRESSIVE;
				INFOPLIST_FILE = "UserSourceResources/UserSourceResources-Info.plist";
				INSTALL_PATH = "$(LOCAL_LIBRARY_DIR)/Bundles";
				MACOSX_DEPLOYMENT_TARGET = 10.9;
				PRODUCT_NAME = UserSourceStatic;
				SDKROOT = iphoneos;
				WRAPPER_EXTENSION = bundle;
			};
			name = Release;
		};
		C01FCF4F08A954540054247B /* Debug */ = {
			isa = XCBuildConfiguration;
			buildSettings = {
				CLANG_ENABLE_OBJC_ARC = YES;
				CLANG_WARN_BOOL_CONVERSION = YES;
				CLANG_WARN_CONSTANT_CONVERSION = YES;
				CLANG_WARN_EMPTY_BODY = YES;
				CLANG_WARN_ENUM_CONVERSION = YES;
				CLANG_WARN_INT_CONVERSION = YES;
				CLANG_WARN__DUPLICATE_METHOD_MATCH = YES;
				"CODE_SIGN_IDENTITY[sdk=iphoneos*]" = "iPhone Developer";
				GCC_C_LANGUAGE_STANDARD = c99;
				GCC_THUMB_SUPPORT = NO;
				GCC_VERSION = "";
				GCC_WARN_ABOUT_RETURN_TYPE = YES;
				GCC_WARN_UNDECLARED_SELECTOR = YES;
				GCC_WARN_UNINITIALIZED_AUTOS = YES;
				GCC_WARN_UNUSED_FUNCTION = YES;
				GCC_WARN_UNUSED_VARIABLE = YES;
				HEADER_SEARCH_PATHS = (
					"\"$(TARGET_BUILD_DIR)/usr/local/lib/include\"",
					"\"$(OBJROOT)/UninstalledProducts/include\"",
					"\"$(BUILT_PRODUCTS_DIR)\"",
				);
				IPHONEOS_DEPLOYMENT_TARGET = 6.0;
				ONLY_ACTIVE_ARCH = YES;
				OTHER_LDFLAGS = (
					"-weak_framework",
					CoreFoundation,
					"-weak_framework",
					UIKit,
					"-weak_framework",
					AVFoundation,
					"-weak_framework",
					CoreMedia,
					"-weak-lSystem",
					"-force_load",
					"\"$(BUILT_PRODUCTS_DIR)/libCordova.a\"",
					"-ObjC",
				);
				SDKROOT = iphoneos;
				SKIP_INSTALL = NO;
				USER_HEADER_SEARCH_PATHS = "";
			};
			name = Debug;
		};
		C01FCF5008A954540054247B /* Release */ = {
			isa = XCBuildConfiguration;
			buildSettings = {
				CLANG_ENABLE_OBJC_ARC = YES;
				CLANG_WARN_BOOL_CONVERSION = YES;
				CLANG_WARN_CONSTANT_CONVERSION = YES;
				CLANG_WARN_EMPTY_BODY = YES;
				CLANG_WARN_ENUM_CONVERSION = YES;
				CLANG_WARN_INT_CONVERSION = YES;
				CLANG_WARN__DUPLICATE_METHOD_MATCH = YES;
				"CODE_SIGN_IDENTITY[sdk=iphoneos*]" = "iPhone Developer";
				GCC_C_LANGUAGE_STANDARD = c99;
				GCC_THUMB_SUPPORT = NO;
				GCC_VERSION = "";
				GCC_WARN_ABOUT_RETURN_TYPE = YES;
				GCC_WARN_UNDECLARED_SELECTOR = YES;
				GCC_WARN_UNINITIALIZED_AUTOS = YES;
				GCC_WARN_UNUSED_FUNCTION = YES;
				GCC_WARN_UNUSED_VARIABLE = YES;
				HEADER_SEARCH_PATHS = (
					"\"$(TARGET_BUILD_DIR)/usr/local/lib/include\"",
					"\"$(OBJROOT)/UninstalledProducts/include\"",
					"\"$(BUILT_PRODUCTS_DIR)\"",
				);
				IPHONEOS_DEPLOYMENT_TARGET = 6.0;
				OTHER_LDFLAGS = (
					"-weak_framework",
					CoreFoundation,
					"-weak_framework",
					UIKit,
					"-weak_framework",
					AVFoundation,
					"-weak_framework",
					CoreMedia,
					"-weak-lSystem",
					"-force_load",
					"\"$(BUILT_PRODUCTS_DIR)/libCordova.a\"",
					"-ObjC",
				);
				SDKROOT = iphoneos;
				SKIP_INSTALL = NO;
				USER_HEADER_SEARCH_PATHS = "";
			};
			name = Release;
		};
/* End XCBuildConfiguration section */

/* Begin XCConfigurationList section */
		1D6058960D05DD3E006BFB54 /* Build configuration list for PBXNativeTarget "UserSource" */ = {
			isa = XCConfigurationList;
			buildConfigurations = (
				1D6058940D05DD3E006BFB54 /* Debug */,
				1D6058950D05DD3E006BFB54 /* Release */,
			);
			defaultConfigurationIsVisible = 0;
			defaultConfigurationName = Release;
		};
		1DF46C0D19023329005408CA /* Build configuration list for PBXNativeTarget "UserSourceTests" */ = {
			isa = XCConfigurationList;
			buildConfigurations = (
				1DF46C0B19023329005408CA /* Debug */,
				1DF46C0C19023329005408CA /* Release */,
			);
			defaultConfigurationIsVisible = 0;
			defaultConfigurationName = Release;
		};
		5BBAD0A419E66C560060A80D /* Build configuration list for PBXNativeTarget "UserSourceStatic" */ = {
			isa = XCConfigurationList;
			buildConfigurations = (
				5BBAD0A019E66C560060A80D /* Debug */,
				5BBAD0A119E66C560060A80D /* Release */,
			);
			defaultConfigurationIsVisible = 0;
			defaultConfigurationName = Release;
		};
		5BBAD0A519E66C560060A80D /* Build configuration list for PBXNativeTarget "UserSourceStaticTests" */ = {
			isa = XCConfigurationList;
			buildConfigurations = (
				5BBAD0A219E66C560060A80D /* Debug */,
				5BBAD0A319E66C560060A80D /* Release */,
			);
			defaultConfigurationIsVisible = 0;
			defaultConfigurationName = Release;
		};
		5BBAD0D819E691860060A80D /* Build configuration list for PBXAggregateTarget "UserSourcePlugin" */ = {
			isa = XCConfigurationList;
			buildConfigurations = (
				5BBAD0D919E691860060A80D /* Debug */,
				5BBAD0DA19E691860060A80D /* Release */,
			);
			defaultConfigurationIsVisible = 0;
			defaultConfigurationName = Release;
		};
		5BC0B89F19E7D6DC00A7A082 /* Build configuration list for PBXNativeTarget "UserSourceResources" */ = {
			isa = XCConfigurationList;
			buildConfigurations = (
				5BC0B8A019E7D6DC00A7A082 /* Debug */,
				5BC0B8A119E7D6DC00A7A082 /* Release */,
			);
			defaultConfigurationIsVisible = 0;
			defaultConfigurationName = Release;
		};
		C01FCF4E08A954540054247B /* Build configuration list for PBXProject "UserSource" */ = {
			isa = XCConfigurationList;
			buildConfigurations = (
				C01FCF4F08A954540054247B /* Debug */,
				C01FCF5008A954540054247B /* Release */,
			);
			defaultConfigurationIsVisible = 0;
			defaultConfigurationName = Release;
		};
/* End XCConfigurationList section */
	};
	rootObject = 29B97313FDCFA39411CA2CEA /* Project object */;
}
